// !$*UTF8*$!
{
	archiveVersion = 1;
	classes = {
	};
	objectVersion = 46;
	objects = {

/* Begin PBXBuildFile section */
		AC0550551DACEEF80038C8D5 /* icon_infoTag_red.png in Resources */ = {isa = PBXBuildFile; fileRef = AC0550521DACEEF80038C8D5 /* icon_infoTag_red.png */; };
		AC0550561DACEEF80038C8D5 /* icon_infoTag.png in Resources */ = {isa = PBXBuildFile; fileRef = AC0550531DACEEF80038C8D5 /* icon_infoTag.png */; };
		AC05B9F51D811F830082C52A /* icon_warn0.png in Resources */ = {isa = PBXBuildFile; fileRef = AC05B9EF1D811F830082C52A /* icon_warn0.png */; };
		AC05B9F61D811F830082C52A /* icon_warn1.png in Resources */ = {isa = PBXBuildFile; fileRef = AC05B9F01D811F830082C52A /* icon_warn1.png */; };
		AC05B9F71D811F830082C52A /* icon_warn2.png in Resources */ = {isa = PBXBuildFile; fileRef = AC05B9F11D811F830082C52A /* icon_warn2.png */; };
		AC05B9F81D811F830082C52A /* icon_warn3.png in Resources */ = {isa = PBXBuildFile; fileRef = AC05B9F21D811F830082C52A /* icon_warn3.png */; };
		AC05B9FA1D811FDA0082C52A /* DataManager.swift in Sources */ = {isa = PBXBuildFile; fileRef = AC05B9F91D811FDA0082C52A /* DataManager.swift */; };
		AC0F6A041DB62BCD000993D5 /* icon_camera.png in Resources */ = {isa = PBXBuildFile; fileRef = AC0F69FF1DB62BCD000993D5 /* icon_camera.png */; };
		AC0F6A051DB62BCD000993D5 /* icon_compass.png in Resources */ = {isa = PBXBuildFile; fileRef = AC0F6A001DB62BCD000993D5 /* icon_compass.png */; };
		AC0F6A061DB62BCD000993D5 /* icon_locate.png in Resources */ = {isa = PBXBuildFile; fileRef = AC0F6A011DB62BCD000993D5 /* icon_locate.png */; };
		AC0F6A071DB62BCD000993D5 /* icon_map.png in Resources */ = {isa = PBXBuildFile; fileRef = AC0F6A021DB62BCD000993D5 /* icon_map.png */; };
		AC0F6A081DB62BCD000993D5 /* icon_menu.png in Resources */ = {isa = PBXBuildFile; fileRef = AC0F6A031DB62BCD000993D5 /* icon_menu.png */; };
		AC2AB8F61DB778A10048931C /* Constant.swift in Sources */ = {isa = PBXBuildFile; fileRef = AC2AB8F51DB778A10048931C /* Constant.swift */; };
		AC2AB8F91DB7790A0048931C /* sound_intrusion.wav in Resources */ = {isa = PBXBuildFile; fileRef = AC2AB8F71DB7790A0048931C /* sound_intrusion.wav */; };
		AC2AB8FA1DB7790A0048931C /* sound_near.wav in Resources */ = {isa = PBXBuildFile; fileRef = AC2AB8F81DB7790A0048931C /* sound_near.wav */; };
		AC2C03D41D9D1CB9009926E3 /* SwiftyJSON.swift in Sources */ = {isa = PBXBuildFile; fileRef = AC2C03D31D9D1CB9009926E3 /* SwiftyJSON.swift */; };
		AC2C52C61D5805F70032B689 /* AppDelegate.swift in Sources */ = {isa = PBXBuildFile; fileRef = AC2C52C51D5805F70032B689 /* AppDelegate.swift */; };
		AC2C52C81D5805F70032B689 /* mapViewController.swift in Sources */ = {isa = PBXBuildFile; fileRef = AC2C52C71D5805F70032B689 /* mapViewController.swift */; };
		AC2C52CB1D5805F70032B689 /* Main.storyboard in Resources */ = {isa = PBXBuildFile; fileRef = AC2C52C91D5805F70032B689 /* Main.storyboard */; };
		AC2C52D01D5805F70032B689 /* Assets.xcassets in Resources */ = {isa = PBXBuildFile; fileRef = AC2C52CF1D5805F70032B689 /* Assets.xcassets */; };
		AC2C52D31D5805F70032B689 /* LaunchScreen.storyboard in Resources */ = {isa = PBXBuildFile; fileRef = AC2C52D11D5805F70032B689 /* LaunchScreen.storyboard */; };
		AC2C52DE1D5805F80032B689 /* CerdARTests.swift in Sources */ = {isa = PBXBuildFile; fileRef = AC2C52DD1D5805F80032B689 /* CerdARTests.swift */; };
		AC2C52E91D5805F80032B689 /* CerdARUITests.swift in Sources */ = {isa = PBXBuildFile; fileRef = AC2C52E81D5805F80032B689 /* CerdARUITests.swift */; };
		AC2C52F71D5806AC0032B689 /* cameraViewController.swift in Sources */ = {isa = PBXBuildFile; fileRef = AC2C52F61D5806AC0032B689 /* cameraViewController.swift */; };
		AC2C52FB1D5807D00032B689 /* ConfigView.swift in Sources */ = {isa = PBXBuildFile; fileRef = AC2C52FA1D5807D00032B689 /* ConfigView.swift */; };
		AC2C52FD1D58092B0032B689 /* MapKit.framework in Frameworks */ = {isa = PBXBuildFile; fileRef = AC2C52FC1D58092B0032B689 /* MapKit.framework */; };
		AC2C52FF1D5809360032B689 /* CoreLocation.framework in Frameworks */ = {isa = PBXBuildFile; fileRef = AC2C52FE1D5809360032B689 /* CoreLocation.framework */; };
		AC2C53011D58093C0032B689 /* AVFoundation.framework in Frameworks */ = {isa = PBXBuildFile; fileRef = AC2C53001D58093C0032B689 /* AVFoundation.framework */; };
		AC5754321DB89B45003271F1 /* logo_CERD.jpg in Resources */ = {isa = PBXBuildFile; fileRef = AC5754301DB89B45003271F1 /* logo_CERD.jpg */; };
		AC57543A1DB8B8BA003271F1 /* logo_BRIL.jpg in Resources */ = {isa = PBXBuildFile; fileRef = AC5754391DB8B8BA003271F1 /* logo_BRIL.jpg */; };
		AC5AED8E1DA4A181009443E9 /* hinan-bldg-marker.png in Resources */ = {isa = PBXBuildFile; fileRef = AC5AED871DA4A181009443E9 /* hinan-bldg-marker.png */; };
		AC5AED8F1DA4A181009443E9 /* hinan-camp-marker.png in Resources */ = {isa = PBXBuildFile; fileRef = AC5AED881DA4A181009443E9 /* hinan-camp-marker.png */; };
		AC5AED921DA4A181009443E9 /* icon_notfound.png in Resources */ = {isa = PBXBuildFile; fileRef = AC5AED8B1DA4A181009443E9 /* icon_notfound.png */; };
		AC5AED931DA4A181009443E9 /* info-marker.png in Resources */ = {isa = PBXBuildFile; fileRef = AC5AED8C1DA4A181009443E9 /* info-marker.png */; };
		AC5AED941DA4A181009443E9 /* medicine-marker.png in Resources */ = {isa = PBXBuildFile; fileRef = AC5AED8D1DA4A181009443E9 /* medicine-marker.png */; };
		AC7B6A841D66A9B20086897D /* CoreMotion.framework in Frameworks */ = {isa = PBXBuildFile; fileRef = AC7B6A831D66A9B20086897D /* CoreMotion.framework */; };
		ACEE245C1D8235FE00102E10 /* MakeTagImage.swift in Sources */ = {isa = PBXBuildFile; fileRef = ACEE245B1D8235FE00102E10 /* MakeTagImage.swift */; };
		ACF399B71D98C25100B0EC47 /* osmViewController.swift in Sources */ = {isa = PBXBuildFile; fileRef = ACF399B61D98C25100B0EC47 /* osmViewController.swift */; };
		ACF399C31D98D5AA00B0EC47 /* Mapbox.framework in Frameworks */ = {isa = PBXBuildFile; fileRef = ACF399C21D98D5AA00B0EC47 /* Mapbox.framework */; };
		ACF399C51D98D65A00B0EC47 /* Mapbox.framework in CopyFiles */ = {isa = PBXBuildFile; fileRef = ACF399C21D98D5AA00B0EC47 /* Mapbox.framework */; settings = {ATTRIBUTES = (CodeSignOnCopy, RemoveHeadersOnCopy, ); }; };
		ACFD6E0C1DB474680006A765 /* loadViewController.swift in Sources */ = {isa = PBXBuildFile; fileRef = ACFD6E0B1DB474680006A765 /* loadViewController.swift */; };
		D3CF68DD1D91187D008B588E /* detailView.swift in Sources */ = {isa = PBXBuildFile; fileRef = D3CF68DB1D91187D008B588E /* detailView.swift */; };
		D3CF68DE1D91187D008B588E /* termsView.swift in Sources */ = {isa = PBXBuildFile; fileRef = D3CF68DC1D91187D008B588E /* termsView.swift */; };
/* End PBXBuildFile section */

/* Begin PBXContainerItemProxy section */
		AC2C52DA1D5805F80032B689 /* PBXContainerItemProxy */ = {
			isa = PBXContainerItemProxy;
			containerPortal = AC2C52BA1D5805F70032B689 /* Project object */;
			proxyType = 1;
			remoteGlobalIDString = AC2C52C11D5805F70032B689;
			remoteInfo = CerdAR;
		};
		AC2C52E51D5805F80032B689 /* PBXContainerItemProxy */ = {
			isa = PBXContainerItemProxy;
			containerPortal = AC2C52BA1D5805F70032B689 /* Project object */;
			proxyType = 1;
			remoteGlobalIDString = AC2C52C11D5805F70032B689;
			remoteInfo = CerdAR;
		};
/* End PBXContainerItemProxy section */

/* Begin PBXCopyFilesBuildPhase section */
		ACF399C41D98D63800B0EC47 /* CopyFiles */ = {
			isa = PBXCopyFilesBuildPhase;
			buildActionMask = 2147483647;
			dstPath = "";
			dstSubfolderSpec = 10;
			files = (
				ACF399C51D98D65A00B0EC47 /* Mapbox.framework in CopyFiles */,
			);
			runOnlyForDeploymentPostprocessing = 0;
		};
/* End PBXCopyFilesBuildPhase section */

/* Begin PBXFileReference section */
		AC0550521DACEEF80038C8D5 /* icon_infoTag_red.png */ = {isa = PBXFileReference; lastKnownFileType = image.png; name = icon_infoTag_red.png; path = CerdAR/icon_infoTag_red.png; sourceTree = "<group>"; };
		AC0550531DACEEF80038C8D5 /* icon_infoTag.png */ = {isa = PBXFileReference; lastKnownFileType = image.png; name = icon_infoTag.png; path = CerdAR/icon_infoTag.png; sourceTree = "<group>"; };
		AC05B9EF1D811F830082C52A /* icon_warn0.png */ = {isa = PBXFileReference; lastKnownFileType = image.png; name = icon_warn0.png; path = CerdAR/icon_warn0.png; sourceTree = "<group>"; };
		AC05B9F01D811F830082C52A /* icon_warn1.png */ = {isa = PBXFileReference; lastKnownFileType = image.png; name = icon_warn1.png; path = CerdAR/icon_warn1.png; sourceTree = "<group>"; };
		AC05B9F11D811F830082C52A /* icon_warn2.png */ = {isa = PBXFileReference; lastKnownFileType = image.png; name = icon_warn2.png; path = CerdAR/icon_warn2.png; sourceTree = "<group>"; };
		AC05B9F21D811F830082C52A /* icon_warn3.png */ = {isa = PBXFileReference; lastKnownFileType = image.png; name = icon_warn3.png; path = CerdAR/icon_warn3.png; sourceTree = "<group>"; };
		AC05B9F91D811FDA0082C52A /* DataManager.swift */ = {isa = PBXFileReference; fileEncoding = 4; lastKnownFileType = sourcecode.swift; path = DataManager.swift; sourceTree = "<group>"; };
		AC0F69FF1DB62BCD000993D5 /* icon_camera.png */ = {isa = PBXFileReference; lastKnownFileType = image.png; name = icon_camera.png; path = CerdAR/icon_camera.png; sourceTree = "<group>"; };
		AC0F6A001DB62BCD000993D5 /* icon_compass.png */ = {isa = PBXFileReference; lastKnownFileType = image.png; name = icon_compass.png; path = CerdAR/icon_compass.png; sourceTree = "<group>"; };
		AC0F6A011DB62BCD000993D5 /* icon_locate.png */ = {isa = PBXFileReference; lastKnownFileType = image.png; name = icon_locate.png; path = CerdAR/icon_locate.png; sourceTree = "<group>"; };
		AC0F6A021DB62BCD000993D5 /* icon_map.png */ = {isa = PBXFileReference; lastKnownFileType = image.png; name = icon_map.png; path = CerdAR/icon_map.png; sourceTree = "<group>"; };
		AC0F6A031DB62BCD000993D5 /* icon_menu.png */ = {isa = PBXFileReference; lastKnownFileType = image.png; name = icon_menu.png; path = CerdAR/icon_menu.png; sourceTree = "<group>"; };
		AC2AB8F51DB778A10048931C /* Constant.swift */ = {isa = PBXFileReference; fileEncoding = 4; lastKnownFileType = sourcecode.swift; path = Constant.swift; sourceTree = "<group>"; };
		AC2AB8F71DB7790A0048931C /* sound_intrusion.wav */ = {isa = PBXFileReference; lastKnownFileType = audio.wav; name = sound_intrusion.wav; path = CerdAR/sound_intrusion.wav; sourceTree = "<group>"; };
		AC2AB8F81DB7790A0048931C /* sound_near.wav */ = {isa = PBXFileReference; lastKnownFileType = audio.wav; name = sound_near.wav; path = CerdAR/sound_near.wav; sourceTree = "<group>"; };
		AC2C03D31D9D1CB9009926E3 /* SwiftyJSON.swift */ = {isa = PBXFileReference; fileEncoding = 4; lastKnownFileType = sourcecode.swift; path = SwiftyJSON.swift; sourceTree = "<group>"; };
		AC2C52C21D5805F70032B689 /* CerdAR.app */ = {isa = PBXFileReference; explicitFileType = wrapper.application; includeInIndex = 0; path = CerdAR.app; sourceTree = BUILT_PRODUCTS_DIR; };
		AC2C52C51D5805F70032B689 /* AppDelegate.swift */ = {isa = PBXFileReference; lastKnownFileType = sourcecode.swift; path = AppDelegate.swift; sourceTree = "<group>"; };
		AC2C52C71D5805F70032B689 /* mapViewController.swift */ = {isa = PBXFileReference; lastKnownFileType = sourcecode.swift; path = mapViewController.swift; sourceTree = "<group>"; };
		AC2C52CA1D5805F70032B689 /* Base */ = {isa = PBXFileReference; lastKnownFileType = file.storyboard; name = Base; path = Base.lproj/Main.storyboard; sourceTree = "<group>"; };
		AC2C52CF1D5805F70032B689 /* Assets.xcassets */ = {isa = PBXFileReference; lastKnownFileType = folder.assetcatalog; path = Assets.xcassets; sourceTree = "<group>"; };
		AC2C52D21D5805F70032B689 /* Base */ = {isa = PBXFileReference; lastKnownFileType = file.storyboard; name = Base; path = Base.lproj/LaunchScreen.storyboard; sourceTree = "<group>"; };
		AC2C52D41D5805F70032B689 /* Info.plist */ = {isa = PBXFileReference; lastKnownFileType = text.plist.xml; path = Info.plist; sourceTree = "<group>"; };
		AC2C52D91D5805F80032B689 /* CerdARTests.xctest */ = {isa = PBXFileReference; explicitFileType = wrapper.cfbundle; includeInIndex = 0; path = CerdARTests.xctest; sourceTree = BUILT_PRODUCTS_DIR; };
		AC2C52DD1D5805F80032B689 /* CerdARTests.swift */ = {isa = PBXFileReference; lastKnownFileType = sourcecode.swift; path = CerdARTests.swift; sourceTree = "<group>"; };
		AC2C52DF1D5805F80032B689 /* Info.plist */ = {isa = PBXFileReference; lastKnownFileType = text.plist.xml; path = Info.plist; sourceTree = "<group>"; };
		AC2C52E41D5805F80032B689 /* CerdARUITests.xctest */ = {isa = PBXFileReference; explicitFileType = wrapper.cfbundle; includeInIndex = 0; path = CerdARUITests.xctest; sourceTree = BUILT_PRODUCTS_DIR; };
		AC2C52E81D5805F80032B689 /* CerdARUITests.swift */ = {isa = PBXFileReference; lastKnownFileType = sourcecode.swift; path = CerdARUITests.swift; sourceTree = "<group>"; };
		AC2C52EA1D5805F80032B689 /* Info.plist */ = {isa = PBXFileReference; lastKnownFileType = text.plist.xml; path = Info.plist; sourceTree = "<group>"; };
		AC2C52F61D5806AC0032B689 /* cameraViewController.swift */ = {isa = PBXFileReference; fileEncoding = 4; lastKnownFileType = sourcecode.swift; path = cameraViewController.swift; sourceTree = "<group>"; };
		AC2C52FA1D5807D00032B689 /* ConfigView.swift */ = {isa = PBXFileReference; fileEncoding = 4; lastKnownFileType = sourcecode.swift; path = ConfigView.swift; sourceTree = "<group>"; };
		AC2C52FC1D58092B0032B689 /* MapKit.framework */ = {isa = PBXFileReference; lastKnownFileType = wrapper.framework; name = MapKit.framework; path = System/Library/Frameworks/MapKit.framework; sourceTree = SDKROOT; };
		AC2C52FE1D5809360032B689 /* CoreLocation.framework */ = {isa = PBXFileReference; lastKnownFileType = wrapper.framework; name = CoreLocation.framework; path = System/Library/Frameworks/CoreLocation.framework; sourceTree = SDKROOT; };
		AC2C53001D58093C0032B689 /* AVFoundation.framework */ = {isa = PBXFileReference; lastKnownFileType = wrapper.framework; name = AVFoundation.framework; path = System/Library/Frameworks/AVFoundation.framework; sourceTree = SDKROOT; };
		AC5754301DB89B45003271F1 /* logo_CERD.jpg */ = {isa = PBXFileReference; lastKnownFileType = image.jpeg; name = logo_CERD.jpg; path = CerdAR/logo_CERD.jpg; sourceTree = "<group>"; };
		AC5754391DB8B8BA003271F1 /* logo_BRIL.jpg */ = {isa = PBXFileReference; lastKnownFileType = image.jpeg; name = logo_BRIL.jpg; path = CerdAR/logo_BRIL.jpg; sourceTree = "<group>"; };
		AC5AED871DA4A181009443E9 /* hinan-bldg-marker.png */ = {isa = PBXFileReference; lastKnownFileType = image.png; name = "hinan-bldg-marker.png"; path = "CerdAR/hinan-bldg-marker.png"; sourceTree = "<group>"; };
		AC5AED881DA4A181009443E9 /* hinan-camp-marker.png */ = {isa = PBXFileReference; lastKnownFileType = image.png; name = "hinan-camp-marker.png"; path = "CerdAR/hinan-camp-marker.png"; sourceTree = "<group>"; };
		AC5AED8B1DA4A181009443E9 /* icon_notfound.png */ = {isa = PBXFileReference; lastKnownFileType = image.png; name = icon_notfound.png; path = CerdAR/icon_notfound.png; sourceTree = "<group>"; };
		AC5AED8C1DA4A181009443E9 /* info-marker.png */ = {isa = PBXFileReference; lastKnownFileType = image.png; name = "info-marker.png"; path = "CerdAR/info-marker.png"; sourceTree = "<group>"; };
		AC5AED8D1DA4A181009443E9 /* medicine-marker.png */ = {isa = PBXFileReference; lastKnownFileType = image.png; name = "medicine-marker.png"; path = "CerdAR/medicine-marker.png"; sourceTree = "<group>"; };
		AC7B6A831D66A9B20086897D /* CoreMotion.framework */ = {isa = PBXFileReference; lastKnownFileType = wrapper.framework; name = CoreMotion.framework; path = System/Library/Frameworks/CoreMotion.framework; sourceTree = SDKROOT; };
		ACEE245B1D8235FE00102E10 /* MakeTagImage.swift */ = {isa = PBXFileReference; fileEncoding = 4; lastKnownFileType = sourcecode.swift; path = MakeTagImage.swift; sourceTree = "<group>"; };
		ACF399B61D98C25100B0EC47 /* osmViewController.swift */ = {isa = PBXFileReference; fileEncoding = 4; lastKnownFileType = sourcecode.swift; path = osmViewController.swift; sourceTree = "<group>"; };
		ACF399C21D98D5AA00B0EC47 /* Mapbox.framework */ = {isa = PBXFileReference; lastKnownFileType = wrapper.framework; name = Mapbox.framework; path = ../Mapbox.framework; sourceTree = "<group>"; };
		ACFD6E0B1DB474680006A765 /* loadViewController.swift */ = {isa = PBXFileReference; fileEncoding = 4; lastKnownFileType = sourcecode.swift; path = loadViewController.swift; sourceTree = "<group>"; };
		D3CF68DB1D91187D008B588E /* detailView.swift */ = {isa = PBXFileReference; fileEncoding = 4; lastKnownFileType = sourcecode.swift; path = detailView.swift; sourceTree = "<group>"; };
		D3CF68DC1D91187D008B588E /* termsView.swift */ = {isa = PBXFileReference; fileEncoding = 4; lastKnownFileType = sourcecode.swift; path = termsView.swift; sourceTree = "<group>"; };
/* End PBXFileReference section */

/* Begin PBXFrameworksBuildPhase section */
		AC2C52BF1D5805F70032B689 /* Frameworks */ = {
			isa = PBXFrameworksBuildPhase;
			buildActionMask = 2147483647;
			files = (
				ACF399C31D98D5AA00B0EC47 /* Mapbox.framework in Frameworks */,
				AC7B6A841D66A9B20086897D /* CoreMotion.framework in Frameworks */,
				AC2C53011D58093C0032B689 /* AVFoundation.framework in Frameworks */,
				AC2C52FF1D5809360032B689 /* CoreLocation.framework in Frameworks */,
				AC2C52FD1D58092B0032B689 /* MapKit.framework in Frameworks */,
			);
			runOnlyForDeploymentPostprocessing = 0;
		};
		AC2C52D61D5805F80032B689 /* Frameworks */ = {
			isa = PBXFrameworksBuildPhase;
			buildActionMask = 2147483647;
			files = (
			);
			runOnlyForDeploymentPostprocessing = 0;
		};
		AC2C52E11D5805F80032B689 /* Frameworks */ = {
			isa = PBXFrameworksBuildPhase;
			buildActionMask = 2147483647;
			files = (
			);
			runOnlyForDeploymentPostprocessing = 0;
		};
/* End PBXFrameworksBuildPhase section */

/* Begin PBXGroup section */
		AC2AB8F41DB778420048931C /* sound */ = {
			isa = PBXGroup;
			children = (
				AC2AB8F71DB7790A0048931C /* sound_intrusion.wav */,
				AC2AB8F81DB7790A0048931C /* sound_near.wav */,
			);
			name = sound;
			sourceTree = "<group>";
		};
		AC2C52B91D5805F70032B689 = {
			isa = PBXGroup;
			children = (
				AC2AB8F41DB778420048931C /* sound */,
				AC2C53021D5809610032B689 /* Image */,
				AC2C52C41D5805F70032B689 /* CerdAR */,
				AC2C52DC1D5805F80032B689 /* CerdARTests */,
				AC2C52E71D5805F80032B689 /* CerdARUITests */,
				AC2C52C31D5805F70032B689 /* Products */,
			);
			sourceTree = "<group>";
		};
		AC2C52C31D5805F70032B689 /* Products */ = {
			isa = PBXGroup;
			children = (
				AC2C52C21D5805F70032B689 /* CerdAR.app */,
				AC2C52D91D5805F80032B689 /* CerdARTests.xctest */,
				AC2C52E41D5805F80032B689 /* CerdARUITests.xctest */,
			);
			name = Products;
			sourceTree = "<group>";
		};
		AC2C52C41D5805F70032B689 /* CerdAR */ = {
			isa = PBXGroup;
			children = (
				AC2C03D31D9D1CB9009926E3 /* SwiftyJSON.swift */,
				AC2C52C51D5805F70032B689 /* AppDelegate.swift */,
				D360EF551D912DA900A3AFE8 /* ViewController */,
				D360EF561D912DB200A3AFE8 /* View */,
				AC05B9F91D811FDA0082C52A /* DataManager.swift */,
				ACEE245B1D8235FE00102E10 /* MakeTagImage.swift */,
				AC2C52CF1D5805F70032B689 /* Assets.xcassets */,
				AC2C52C91D5805F70032B689 /* Main.storyboard */,
				AC2C52D11D5805F70032B689 /* LaunchScreen.storyboard */,
				AC2C52D41D5805F70032B689 /* Info.plist */,
				D317AE971D89649D00D4D4FC /* framework */,
				AC2AB8F51DB778A10048931C /* Constant.swift */,
			);
			path = CerdAR;
			sourceTree = "<group>";
		};
		AC2C52DC1D5805F80032B689 /* CerdARTests */ = {
			isa = PBXGroup;
			children = (
				AC2C52DD1D5805F80032B689 /* CerdARTests.swift */,
				AC2C52DF1D5805F80032B689 /* Info.plist */,
			);
			path = CerdARTests;
			sourceTree = "<group>";
		};
		AC2C52E71D5805F80032B689 /* CerdARUITests */ = {
			isa = PBXGroup;
			children = (
				AC2C52E81D5805F80032B689 /* CerdARUITests.swift */,
				AC2C52EA1D5805F80032B689 /* Info.plist */,
			);
			path = CerdARUITests;
			sourceTree = "<group>";
		};
		AC2C53021D5809610032B689 /* Image */ = {
			isa = PBXGroup;
			children = (
				AC5754391DB8B8BA003271F1 /* logo_BRIL.jpg */,
				AC5754301DB89B45003271F1 /* logo_CERD.jpg */,
				AC0F69FF1DB62BCD000993D5 /* icon_camera.png */,
				AC0F6A001DB62BCD000993D5 /* icon_compass.png */,
				AC0F6A011DB62BCD000993D5 /* icon_locate.png */,
				AC0F6A021DB62BCD000993D5 /* icon_map.png */,
				AC0F6A031DB62BCD000993D5 /* icon_menu.png */,
				AC5AED871DA4A181009443E9 /* hinan-bldg-marker.png */,
				AC5AED881DA4A181009443E9 /* hinan-camp-marker.png */,
				AC5AED8B1DA4A181009443E9 /* icon_notfound.png */,
				AC5AED8C1DA4A181009443E9 /* info-marker.png */,
				AC5AED8D1DA4A181009443E9 /* medicine-marker.png */,
				AC0550521DACEEF80038C8D5 /* icon_infoTag_red.png */,
				AC0550531DACEEF80038C8D5 /* icon_infoTag.png */,
				AC05B9EF1D811F830082C52A /* icon_warn0.png */,
				AC05B9F01D811F830082C52A /* icon_warn1.png */,
				AC05B9F11D811F830082C52A /* icon_warn2.png */,
				AC05B9F21D811F830082C52A /* icon_warn3.png */,
			);
			name = Image;
			sourceTree = "<group>";
		};
		D317AE971D89649D00D4D4FC /* framework */ = {
			isa = PBXGroup;
			children = (
				AC7B6A831D66A9B20086897D /* CoreMotion.framework */,
				AC2C53001D58093C0032B689 /* AVFoundation.framework */,
				AC2C52FE1D5809360032B689 /* CoreLocation.framework */,
				AC2C52FC1D58092B0032B689 /* MapKit.framework */,
				ACF399C21D98D5AA00B0EC47 /* Mapbox.framework */,
			);
			name = framework;
			sourceTree = "<group>";
		};
		D360EF551D912DA900A3AFE8 /* ViewController */ = {
			isa = PBXGroup;
			children = (
				AC2C52C71D5805F70032B689 /* mapViewController.swift */,
				AC2C52F61D5806AC0032B689 /* cameraViewController.swift */,
				ACF399B61D98C25100B0EC47 /* osmViewController.swift */,
				ACFD6E0B1DB474680006A765 /* loadViewController.swift */,
			);
			name = ViewController;
			sourceTree = "<group>";
		};
		D360EF561D912DB200A3AFE8 /* View */ = {
			isa = PBXGroup;
			children = (
				AC2C52FA1D5807D00032B689 /* ConfigView.swift */,
				D3CF68DB1D91187D008B588E /* detailView.swift */,
				D3CF68DC1D91187D008B588E /* termsView.swift */,
			);
			name = View;
			sourceTree = "<group>";
		};
/* End PBXGroup section */

/* Begin PBXNativeTarget section */
		AC2C52C11D5805F70032B689 /* CerdAR */ = {
			isa = PBXNativeTarget;
			buildConfigurationList = AC2C52ED1D5805F80032B689 /* Build configuration list for PBXNativeTarget "CerdAR" */;
			buildPhases = (
				AC2C52BE1D5805F70032B689 /* Sources */,
				AC2C52BF1D5805F70032B689 /* Frameworks */,
				AC2C52C01D5805F70032B689 /* Resources */,
				ACF399C41D98D63800B0EC47 /* CopyFiles */,
			);
			buildRules = (
			);
			dependencies = (
			);
			name = CerdAR;
			productName = CerdAR;
			productReference = AC2C52C21D5805F70032B689 /* CerdAR.app */;
			productType = "com.apple.product-type.application";
		};
		AC2C52D81D5805F80032B689 /* CerdARTests */ = {
			isa = PBXNativeTarget;
			buildConfigurationList = AC2C52F01D5805F80032B689 /* Build configuration list for PBXNativeTarget "CerdARTests" */;
			buildPhases = (
				AC2C52D51D5805F80032B689 /* Sources */,
				AC2C52D61D5805F80032B689 /* Frameworks */,
				AC2C52D71D5805F80032B689 /* Resources */,
			);
			buildRules = (
			);
			dependencies = (
				AC2C52DB1D5805F80032B689 /* PBXTargetDependency */,
			);
			name = CerdARTests;
			productName = CerdARTests;
			productReference = AC2C52D91D5805F80032B689 /* CerdARTests.xctest */;
			productType = "com.apple.product-type.bundle.unit-test";
		};
		AC2C52E31D5805F80032B689 /* CerdARUITests */ = {
			isa = PBXNativeTarget;
			buildConfigurationList = AC2C52F31D5805F80032B689 /* Build configuration list for PBXNativeTarget "CerdARUITests" */;
			buildPhases = (
				AC2C52E01D5805F80032B689 /* Sources */,
				AC2C52E11D5805F80032B689 /* Frameworks */,
				AC2C52E21D5805F80032B689 /* Resources */,
			);
			buildRules = (
			);
			dependencies = (
				AC2C52E61D5805F80032B689 /* PBXTargetDependency */,
			);
			name = CerdARUITests;
			productName = CerdARUITests;
			productReference = AC2C52E41D5805F80032B689 /* CerdARUITests.xctest */;
			productType = "com.apple.product-type.bundle.ui-testing";
		};
/* End PBXNativeTarget section */

/* Begin PBXProject section */
		AC2C52BA1D5805F70032B689 /* Project object */ = {
			isa = PBXProject;
			attributes = {
				LastSwiftUpdateCheck = 0730;
				LastUpgradeCheck = 0730;
				ORGANIZATIONNAME = "2016 BRILLIANTSERVICE CO.,LTD., CERD (Osaka City University)";
				TargetAttributes = {
					AC2C52C11D5805F70032B689 = {
						CreatedOnToolsVersion = 7.3.1;
						DevelopmentTeam = 57NUJ8NN7U;
						LastSwiftMigration = 0800;
					};
					AC2C52D81D5805F80032B689 = {
						CreatedOnToolsVersion = 7.3.1;
						DevelopmentTeam = 57NUJ8NN7U;
						LastSwiftMigration = 0800;
						TestTargetID = AC2C52C11D5805F70032B689;
					};
					AC2C52E31D5805F80032B689 = {
						CreatedOnToolsVersion = 7.3.1;
						DevelopmentTeam = 57NUJ8NN7U;
						LastSwiftMigration = 0800;
						TestTargetID = AC2C52C11D5805F70032B689;
					};
				};
			};
			buildConfigurationList = AC2C52BD1D5805F70032B689 /* Build configuration list for PBXProject "CerdAR" */;
			compatibilityVersion = "Xcode 3.2";
			developmentRegion = English;
			hasScannedForEncodings = 0;
			knownRegions = (
				en,
				Base,
			);
			mainGroup = AC2C52B91D5805F70032B689;
			productRefGroup = AC2C52C31D5805F70032B689 /* Products */;
			projectDirPath = "";
			projectRoot = "";
			targets = (
				AC2C52C11D5805F70032B689 /* CerdAR */,
				AC2C52D81D5805F80032B689 /* CerdARTests */,
				AC2C52E31D5805F80032B689 /* CerdARUITests */,
			);
		};
/* End PBXProject section */

/* Begin PBXResourcesBuildPhase section */
		AC2C52C01D5805F70032B689 /* Resources */ = {
			isa = PBXResourcesBuildPhase;
			buildActionMask = 2147483647;
			files = (
				AC0F6A061DB62BCD000993D5 /* icon_locate.png in Resources */,
				AC5AED8F1DA4A181009443E9 /* hinan-camp-marker.png in Resources */,
				AC05B9F61D811F830082C52A /* icon_warn1.png in Resources */,
				AC5AED931DA4A181009443E9 /* info-marker.png in Resources */,
				AC0F6A041DB62BCD000993D5 /* icon_camera.png in Resources */,
				AC2AB8F91DB7790A0048931C /* sound_intrusion.wav in Resources */,
				AC5AED921DA4A181009443E9 /* icon_notfound.png in Resources */,
				AC2C52D31D5805F70032B689 /* LaunchScreen.storyboard in Resources */,
				AC5AED8E1DA4A181009443E9 /* hinan-bldg-marker.png in Resources */,
				AC0550561DACEEF80038C8D5 /* icon_infoTag.png in Resources */,
				AC2C52D01D5805F70032B689 /* Assets.xcassets in Resources */,
				AC05B9F51D811F830082C52A /* icon_warn0.png in Resources */,
				AC0550551DACEEF80038C8D5 /* icon_infoTag_red.png in Resources */,
				AC57543A1DB8B8BA003271F1 /* logo_BRIL.jpg in Resources */,
				AC2C52CB1D5805F70032B689 /* Main.storyboard in Resources */,
				AC05B9F71D811F830082C52A /* icon_warn2.png in Resources */,
				AC05B9F81D811F830082C52A /* icon_warn3.png in Resources */,
				AC5754321DB89B45003271F1 /* logo_CERD.jpg in Resources */,
				AC0F6A071DB62BCD000993D5 /* icon_map.png in Resources */,
				AC0F6A081DB62BCD000993D5 /* icon_menu.png in Resources */,
				AC5AED941DA4A181009443E9 /* medicine-marker.png in Resources */,
				AC2AB8FA1DB7790A0048931C /* sound_near.wav in Resources */,
				AC0F6A051DB62BCD000993D5 /* icon_compass.png in Resources */,
			);
			runOnlyForDeploymentPostprocessing = 0;
		};
		AC2C52D71D5805F80032B689 /* Resources */ = {
			isa = PBXResourcesBuildPhase;
			buildActionMask = 2147483647;
			files = (
			);
			runOnlyForDeploymentPostprocessing = 0;
		};
		AC2C52E21D5805F80032B689 /* Resources */ = {
			isa = PBXResourcesBuildPhase;
			buildActionMask = 2147483647;
			files = (
			);
			runOnlyForDeploymentPostprocessing = 0;
		};
/* End PBXResourcesBuildPhase section */

/* Begin PBXSourcesBuildPhase section */
		AC2C52BE1D5805F70032B689 /* Sources */ = {
			isa = PBXSourcesBuildPhase;
			buildActionMask = 2147483647;
			files = (
				AC2C52FB1D5807D00032B689 /* ConfigView.swift in Sources */,
				AC2C52F71D5806AC0032B689 /* cameraViewController.swift in Sources */,
				ACF399B71D98C25100B0EC47 /* osmViewController.swift in Sources */,
				AC2C03D41D9D1CB9009926E3 /* SwiftyJSON.swift in Sources */,
				AC05B9FA1D811FDA0082C52A /* DataManager.swift in Sources */,
				AC2C52C81D5805F70032B689 /* mapViewController.swift in Sources */,
				D3CF68DE1D91187D008B588E /* termsView.swift in Sources */,
				ACEE245C1D8235FE00102E10 /* MakeTagImage.swift in Sources */,
				ACFD6E0C1DB474680006A765 /* loadViewController.swift in Sources */,
				AC2C52C61D5805F70032B689 /* AppDelegate.swift in Sources */,
				D3CF68DD1D91187D008B588E /* detailView.swift in Sources */,
				AC2AB8F61DB778A10048931C /* Constant.swift in Sources */,
			);
			runOnlyForDeploymentPostprocessing = 0;
		};
		AC2C52D51D5805F80032B689 /* Sources */ = {
			isa = PBXSourcesBuildPhase;
			buildActionMask = 2147483647;
			files = (
				AC2C52DE1D5805F80032B689 /* CerdARTests.swift in Sources */,
			);
			runOnlyForDeploymentPostprocessing = 0;
		};
		AC2C52E01D5805F80032B689 /* Sources */ = {
			isa = PBXSourcesBuildPhase;
			buildActionMask = 2147483647;
			files = (
				AC2C52E91D5805F80032B689 /* CerdARUITests.swift in Sources */,
			);
			runOnlyForDeploymentPostprocessing = 0;
		};
/* End PBXSourcesBuildPhase section */

/* Begin PBXTargetDependency section */
		AC2C52DB1D5805F80032B689 /* PBXTargetDependency */ = {
			isa = PBXTargetDependency;
			target = AC2C52C11D5805F70032B689 /* CerdAR */;
			targetProxy = AC2C52DA1D5805F80032B689 /* PBXContainerItemProxy */;
		};
		AC2C52E61D5805F80032B689 /* PBXTargetDependency */ = {
			isa = PBXTargetDependency;
			target = AC2C52C11D5805F70032B689 /* CerdAR */;
			targetProxy = AC2C52E51D5805F80032B689 /* PBXContainerItemProxy */;
		};
/* End PBXTargetDependency section */

/* Begin PBXVariantGroup section */
		AC2C52C91D5805F70032B689 /* Main.storyboard */ = {
			isa = PBXVariantGroup;
			children = (
				AC2C52CA1D5805F70032B689 /* Base */,
			);
			name = Main.storyboard;
			sourceTree = "<group>";
		};
		AC2C52D11D5805F70032B689 /* LaunchScreen.storyboard */ = {
			isa = PBXVariantGroup;
			children = (
				AC2C52D21D5805F70032B689 /* Base */,
			);
			name = LaunchScreen.storyboard;
			sourceTree = "<group>";
		};
/* End PBXVariantGroup section */

/* Begin XCBuildConfiguration section */
		AC2C52EB1D5805F80032B689 /* Debug */ = {
			isa = XCBuildConfiguration;
			buildSettings = {
				ALWAYS_SEARCH_USER_PATHS = NO;
				CLANG_ANALYZER_NONNULL = YES;
				CLANG_CXX_LANGUAGE_STANDARD = "gnu++0x";
				CLANG_CXX_LIBRARY = "libc++";
				CLANG_ENABLE_MODULES = YES;
				CLANG_ENABLE_OBJC_ARC = YES;
				CLANG_WARN_BOOL_CONVERSION = YES;
				CLANG_WARN_CONSTANT_CONVERSION = YES;
				CLANG_WARN_DIRECT_OBJC_ISA_USAGE = YES_ERROR;
				CLANG_WARN_EMPTY_BODY = YES;
				CLANG_WARN_ENUM_CONVERSION = YES;
				CLANG_WARN_INT_CONVERSION = YES;
				CLANG_WARN_OBJC_ROOT_CLASS = YES_ERROR;
				CLANG_WARN_UNREACHABLE_CODE = YES;
				CLANG_WARN__DUPLICATE_METHOD_MATCH = YES;
				"CODE_SIGN_IDENTITY[sdk=iphoneos*]" = "iPhone Developer";
				COPY_PHASE_STRIP = NO;
				DEBUG_INFORMATION_FORMAT = dwarf;
				ENABLE_STRICT_OBJC_MSGSEND = YES;
				ENABLE_TESTABILITY = YES;
				GCC_C_LANGUAGE_STANDARD = gnu99;
				GCC_DYNAMIC_NO_PIC = NO;
				GCC_NO_COMMON_BLOCKS = YES;
				GCC_OPTIMIZATION_LEVEL = 0;
				GCC_PREPROCESSOR_DEFINITIONS = (
					"DEBUG=1",
					"$(inherited)",
				);
				GCC_WARN_64_TO_32_BIT_CONVERSION = YES;
				GCC_WARN_ABOUT_RETURN_TYPE = YES_ERROR;
				GCC_WARN_UNDECLARED_SELECTOR = YES;
				GCC_WARN_UNINITIALIZED_AUTOS = YES_AGGRESSIVE;
				GCC_WARN_UNUSED_FUNCTION = YES;
				GCC_WARN_UNUSED_VARIABLE = YES;
				IPHONEOS_DEPLOYMENT_TARGET = 9.3;
				MTL_ENABLE_DEBUG_INFO = YES;
				ONLY_ACTIVE_ARCH = YES;
				SDKROOT = iphoneos;
				SWIFT_OPTIMIZATION_LEVEL = "-Onone";
			};
			name = Debug;
		};
		AC2C52EC1D5805F80032B689 /* Release */ = {
			isa = XCBuildConfiguration;
			buildSettings = {
				ALWAYS_SEARCH_USER_PATHS = NO;
				CLANG_ANALYZER_NONNULL = YES;
				CLANG_CXX_LANGUAGE_STANDARD = "gnu++0x";
				CLANG_CXX_LIBRARY = "libc++";
				CLANG_ENABLE_MODULES = YES;
				CLANG_ENABLE_OBJC_ARC = YES;
				CLANG_WARN_BOOL_CONVERSION = YES;
				CLANG_WARN_CONSTANT_CONVERSION = YES;
				CLANG_WARN_DIRECT_OBJC_ISA_USAGE = YES_ERROR;
				CLANG_WARN_EMPTY_BODY = YES;
				CLANG_WARN_ENUM_CONVERSION = YES;
				CLANG_WARN_INT_CONVERSION = YES;
				CLANG_WARN_OBJC_ROOT_CLASS = YES_ERROR;
				CLANG_WARN_UNREACHABLE_CODE = YES;
				CLANG_WARN__DUPLICATE_METHOD_MATCH = YES;
				"CODE_SIGN_IDENTITY[sdk=iphoneos*]" = "iPhone Developer";
				COPY_PHASE_STRIP = NO;
				DEBUG_INFORMATION_FORMAT = "dwarf-with-dsym";
				ENABLE_NS_ASSERTIONS = NO;
				ENABLE_STRICT_OBJC_MSGSEND = YES;
				GCC_C_LANGUAGE_STANDARD = gnu99;
				GCC_NO_COMMON_BLOCKS = YES;
				GCC_WARN_64_TO_32_BIT_CONVERSION = YES;
				GCC_WARN_ABOUT_RETURN_TYPE = YES_ERROR;
				GCC_WARN_UNDECLARED_SELECTOR = YES;
				GCC_WARN_UNINITIALIZED_AUTOS = YES_AGGRESSIVE;
				GCC_WARN_UNUSED_FUNCTION = YES;
				GCC_WARN_UNUSED_VARIABLE = YES;
				IPHONEOS_DEPLOYMENT_TARGET = 9.3;
				MTL_ENABLE_DEBUG_INFO = NO;
				SDKROOT = iphoneos;
				VALIDATE_PRODUCT = YES;
			};
			name = Release;
		};
		AC2C52EE1D5805F80032B689 /* Debug */ = {
			isa = XCBuildConfiguration;
			buildSettings = {
				ASSETCATALOG_COMPILER_APPICON_NAME = AppIcon;
				DEVELOPMENT_TEAM = 57NUJ8NN7U;
				FRAMEWORK_SEARCH_PATHS = (
					"$(inherited)",
					"$(PROJECT_DIR)/CerdAR",
					"$(PROJECT_DIR)",
				);
				INFOPLIST_FILE = CerdAR/Info.plist;
				IPHONEOS_DEPLOYMENT_TARGET = 10.0;
				LD_RUNPATH_SEARCH_PATHS = "$(inherited) @executable_path/Frameworks";
				PRODUCT_BUNDLE_IDENTIFIER = ymn.CerdAR;
				PRODUCT_NAME = "$(TARGET_NAME)";
				SWIFT_VERSION = 3.0;
				TARGETED_DEVICE_FAMILY = 2;
			};
			name = Debug;
		};
		AC2C52EF1D5805F80032B689 /* Release */ = {
			isa = XCBuildConfiguration;
			buildSettings = {
				ASSETCATALOG_COMPILER_APPICON_NAME = AppIcon;
				DEVELOPMENT_TEAM = 57NUJ8NN7U;
				FRAMEWORK_SEARCH_PATHS = (
					"$(inherited)",
					"$(PROJECT_DIR)/CerdAR",
					"$(PROJECT_DIR)",
				);
				INFOPLIST_FILE = CerdAR/Info.plist;
				IPHONEOS_DEPLOYMENT_TARGET = 10.0;
				LD_RUNPATH_SEARCH_PATHS = "$(inherited) @executable_path/Frameworks";
				PRODUCT_BUNDLE_IDENTIFIER = ymn.CerdAR;
				PRODUCT_NAME = "$(TARGET_NAME)";
				SWIFT_VERSION = 3.0;
				TARGETED_DEVICE_FAMILY = 2;
			};
			name = Release;
		};
		AC2C52F11D5805F80032B689 /* Debug */ = {
			isa = XCBuildConfiguration;
			buildSettings = {
				BUNDLE_LOADER = "$(TEST_HOST)";
				DEVELOPMENT_TEAM = 57NUJ8NN7U;
				INFOPLIST_FILE = CerdARTests/Info.plist;
				LD_RUNPATH_SEARCH_PATHS = "$(inherited) @executable_path/Frameworks @loader_path/Frameworks";
				PRODUCT_BUNDLE_IDENTIFIER = ymn.CerdARTests;
				PRODUCT_NAME = "$(TARGET_NAME)";
				SWIFT_VERSION = 3.0;
				TEST_HOST = "$(BUILT_PRODUCTS_DIR)/CerdAR.app/CerdAR";
			};
			name = Debug;
		};
		AC2C52F21D5805F80032B689 /* Release */ = {
			isa = XCBuildConfiguration;
			buildSettings = {
				BUNDLE_LOADER = "$(TEST_HOST)";
				DEVELOPMENT_TEAM = 57NUJ8NN7U;
				INFOPLIST_FILE = CerdARTests/Info.plist;
				LD_RUNPATH_SEARCH_PATHS = "$(inherited) @executable_path/Frameworks @loader_path/Frameworks";
				PRODUCT_BUNDLE_IDENTIFIER = ymn.CerdARTests;
				PRODUCT_NAME = "$(TARGET_NAME)";
				SWIFT_VERSION = 3.0;
				TEST_HOST = "$(BUILT_PRODUCTS_DIR)/CerdAR.app/CerdAR";
			};
			name = Release;
		};
		AC2C52F41D5805F80032B689 /* Debug */ = {
			isa = XCBuildConfiguration;
			buildSettings = {
				DEVELOPMENT_TEAM = 57NUJ8NN7U;
				INFOPLIST_FILE = CerdARUITests/Info.plist;
				LD_RUNPATH_SEARCH_PATHS = "$(inherited) @executable_path/Frameworks @loader_path/Frameworks";
				PRODUCT_BUNDLE_IDENTIFIER = ymn.CerdARUITests;
				PRODUCT_NAME = "$(TARGET_NAME)";
				SWIFT_VERSION = 3.0;
				TEST_TARGET_NAME = CerdAR;
			};
			name = Debug;
		};
		AC2C52F51D5805F80032B689 /* Release */ = {
			isa = XCBuildConfiguration;
			buildSettings = {
				DEVELOPMENT_TEAM = 57NUJ8NN7U;
				INFOPLIST_FILE = CerdARUITests/Info.plist;
				LD_RUNPATH_SEARCH_PATHS = "$(inherited) @executable_path/Frameworks @loader_path/Frameworks";
				PRODUCT_BUNDLE_IDENTIFIER = ymn.CerdARUITests;
				PRODUCT_NAME = "$(TARGET_NAME)";
				SWIFT_VERSION = 3.0;
				TEST_TARGET_NAME = CerdAR;
			};
			name = Release;
		};
/* End XCBuildConfiguration section */

/* Begin XCConfigurationList section */
		AC2C52BD1D5805F70032B689 /* Build configuration list for PBXProject "CerdAR" */ = {
			isa = XCConfigurationList;
			buildConfigurations = (
				AC2C52EB1D5805F80032B689 /* Debug */,
				AC2C52EC1D5805F80032B689 /* Release */,
			);
			defaultConfigurationIsVisible = 0;
			defaultConfigurationName = Release;
		};
		AC2C52ED1D5805F80032B689 /* Build configuration list for PBXNativeTarget "CerdAR" */ = {
			isa = XCConfigurationList;
			buildConfigurations = (
				AC2C52EE1D5805F80032B689 /* Debug */,
				AC2C52EF1D5805F80032B689 /* Release */,
			);
			defaultConfigurationIsVisible = 0;
			defaultConfigurationName = Release;
		};
		AC2C52F01D5805F80032B689 /* Build configuration list for PBXNativeTarget "CerdARTests" */ = {
			isa = XCConfigurationList;
			buildConfigurations = (
				AC2C52F11D5805F80032B689 /* Debug */,
				AC2C52F21D5805F80032B689 /* Release */,
			);
			defaultConfigurationIsVisible = 0;
			defaultConfigurationName = Release;
		};
		AC2C52F31D5805F80032B689 /* Build configuration list for PBXNativeTarget "CerdARUITests" */ = {
			isa = XCConfigurationList;
			buildConfigurations = (
				AC2C52F41D5805F80032B689 /* Debug */,
				AC2C52F51D5805F80032B689 /* Release */,
			);
			defaultConfigurationIsVisible = 0;
			defaultConfigurationName = Release;
		};
/* End XCConfigurationList section */
	};
	rootObject = AC2C52BA1D5805F70032B689 /* Project object */;
}
