// !$*UTF8*$!
{
	archiveVersion = 1;
	classes = {
	};
	objectVersion = 51;
	objects = {

/* Begin PBXBuildFile section */
		7EE70E1F1DEAA16A000FB537 /* sound_intrusion.mp3 in Resources */ = {isa = PBXBuildFile; fileRef = 7EE70E1E1DEAA16A000FB537 /* sound_intrusion.mp3 */; };
		7EE70E211DEAA1B6000FB537 /* sound_near.mp3 in Resources */ = {isa = PBXBuildFile; fileRef = 7EE70E201DEAA1B6000FB537 /* sound_near.mp3 */; };
		AC05B9FA1D811FDA0082C52A /* DataManager.swift in Sources */ = {isa = PBXBuildFile; fileRef = AC05B9F91D811FDA0082C52A /* DataManager.swift */; };
		AC2AB8F61DB778A10048931C /* Constant.swift in Sources */ = {isa = PBXBuildFile; fileRef = AC2AB8F51DB778A10048931C /* Constant.swift */; };
		AC2C03D41D9D1CB9009926E3 /* SwiftyJSON.swift in Sources */ = {isa = PBXBuildFile; fileRef = AC2C03D31D9D1CB9009926E3 /* SwiftyJSON.swift */; };
		AC2C52C61D5805F70032B689 /* AppDelegate.swift in Sources */ = {isa = PBXBuildFile; fileRef = AC2C52C51D5805F70032B689 /* AppDelegate.swift */; };
		AC2C52CB1D5805F70032B689 /* Main.storyboard in Resources */ = {isa = PBXBuildFile; fileRef = AC2C52C91D5805F70032B689 /* Main.storyboard */; };
		AC2C52D01D5805F70032B689 /* Assets.xcassets in Resources */ = {isa = PBXBuildFile; fileRef = AC2C52CF1D5805F70032B689 /* Assets.xcassets */; };
		AC2C52D31D5805F70032B689 /* LaunchScreen.storyboard in Resources */ = {isa = PBXBuildFile; fileRef = AC2C52D11D5805F70032B689 /* LaunchScreen.storyboard */; };
		AC2C52DE1D5805F80032B689 /* CerdARTests.swift in Sources */ = {isa = PBXBuildFile; fileRef = AC2C52DD1D5805F80032B689 /* CerdARTests.swift */; };
		AC2C52E91D5805F80032B689 /* CerdARUITests.swift in Sources */ = {isa = PBXBuildFile; fileRef = AC2C52E81D5805F80032B689 /* CerdARUITests.swift */; };
		AC2C52FB1D5807D00032B689 /* ConfigView.swift in Sources */ = {isa = PBXBuildFile; fileRef = AC2C52FA1D5807D00032B689 /* ConfigView.swift */; };
		ACEE245C1D8235FE00102E10 /* MakeTagImage.swift in Sources */ = {isa = PBXBuildFile; fileRef = ACEE245B1D8235FE00102E10 /* MakeTagImage.swift */; };
		ACF399B71D98C25100B0EC47 /* osmViewController.swift in Sources */ = {isa = PBXBuildFile; fileRef = ACF399B61D98C25100B0EC47 /* osmViewController.swift */; };
		ACFD6E0C1DB474680006A765 /* loadViewController.swift in Sources */ = {isa = PBXBuildFile; fileRef = ACFD6E0B1DB474680006A765 /* loadViewController.swift */; };
		BF01B83E1F6FEECE001AC15E /* GISImageView.swift in Sources */ = {isa = PBXBuildFile; fileRef = BF01B83D1F6FEECE001AC15E /* GISImageView.swift */; };
		D37E86961E780A6A0030B01A /* Vibration.swift in Sources */ = {isa = PBXBuildFile; fileRef = D37E86951E780A6A0030B01A /* Vibration.swift */; };
		D3CF68DD1D91187D008B588E /* detailView.swift in Sources */ = {isa = PBXBuildFile; fileRef = D3CF68DB1D91187D008B588E /* detailView.swift */; };
		D3CF68DE1D91187D008B588E /* termsView.swift in Sources */ = {isa = PBXBuildFile; fileRef = D3CF68DC1D91187D008B588E /* termsView.swift */; };
		F033F9F5219171DD008A3A2E /* ARViewController.swift in Sources */ = {isa = PBXBuildFile; fileRef = F033F9F4219171DD008A3A2E /* ARViewController.swift */; };
		F033F9F8219172E7008A3A2E /* MapboxARAnnotationManager.swift in Sources */ = {isa = PBXBuildFile; fileRef = F033F9F7219172E7008A3A2E /* MapboxARAnnotationManager.swift */; };
		F033F9FA219172EC008A3A2E /* MapboxARAnchor.swift in Sources */ = {isa = PBXBuildFile; fileRef = F033F9F9219172EC008A3A2E /* MapboxARAnchor.swift */; };
		F06A927221CB5B9C0075391E /* Mapbox.framework in Frameworks */ = {isa = PBXBuildFile; fileRef = F06A927121CB5B9C0075391E /* Mapbox.framework */; };
		F06A927421CB5BA20075391E /* MapboxMobileEvents.framework in Frameworks */ = {isa = PBXBuildFile; fileRef = F06A927321CB5BA20075391E /* MapboxMobileEvents.framework */; };
		F06A927621CB5BA70075391E /* MapboxSceneKit.framework in Frameworks */ = {isa = PBXBuildFile; fileRef = F06A927521CB5BA70075391E /* MapboxSceneKit.framework */; };
		F06D0D4C219C12CB0046747B /* SceneKit.scnassets in Resources */ = {isa = PBXBuildFile; fileRef = F06D0D4B219C12CB0046747B /* SceneKit.scnassets */; };
		F06E168221D31629004E0BB6 /* spark.png in Resources */ = {isa = PBXBuildFile; fileRef = F06E168121D31629004E0BB6 /* spark.png */; };
		F06E168621D316D1004E0BB6 /* confetti.png in Resources */ = {isa = PBXBuildFile; fileRef = F06E168521D316D1004E0BB6 /* confetti.png */; };
		F06E168821D31709004E0BB6 /* rock.png in Resources */ = {isa = PBXBuildFile; fileRef = F06E168721D31709004E0BB6 /* rock.png */; };
		F07C561721B4D12F004F760C /* rock.scnp in Resources */ = {isa = PBXBuildFile; fileRef = F07C561621B4D12F004F760C /* rock.scnp */; };
		F08A2D3921CCE95500777CAC /* rain.scnp in Resources */ = {isa = PBXBuildFile; fileRef = F08A2D3821CCE95500777CAC /* rain.scnp */; };
		F0A3E61F21B78A7C0099812E /* smoke.png in Resources */ = {isa = PBXBuildFile; fileRef = F0A3E61D21B78A7C0099812E /* smoke.png */; };
		F0A3E62021B78A7C0099812E /* smoke.scnp in Resources */ = {isa = PBXBuildFile; fileRef = F0A3E61E21B78A7C0099812E /* smoke.scnp */; };
		F0C5DB8C21B4CFF90067EF8F /* fire.scnp in Resources */ = {isa = PBXBuildFile; fileRef = F0C5DB8B21B4CFF90067EF8F /* fire.scnp */; };
/* End PBXBuildFile section */

/* Begin PBXContainerItemProxy section */
		AC2C52DA1D5805F80032B689 /* PBXContainerItemProxy */ = {
			isa = PBXContainerItemProxy;
			containerPortal = AC2C52BA1D5805F70032B689 /* Project object */;
			proxyType = 1;
			remoteGlobalIDString = AC2C52C11D5805F70032B689;
			remoteInfo = CerdAR;
		};
		AC2C52E51D5805F80032B689 /* PBXContainerItemProxy */ = {
			isa = PBXContainerItemProxy;
			containerPortal = AC2C52BA1D5805F70032B689 /* Project object */;
			proxyType = 1;
			remoteGlobalIDString = AC2C52C11D5805F70032B689;
			remoteInfo = CerdAR;
		};
/* End PBXContainerItemProxy section */

/* Begin PBXCopyFilesBuildPhase section */
		F033F9FE2191761D008A3A2E /* Embed Frameworks */ = {
			isa = PBXCopyFilesBuildPhase;
			buildActionMask = 2147483647;
			dstPath = "";
			dstSubfolderSpec = 10;
			files = (
			);
			name = "Embed Frameworks";
			runOnlyForDeploymentPostprocessing = 0;
		};
/* End PBXCopyFilesBuildPhase section */

/* Begin PBXFileReference section */
		7EE70E1E1DEAA16A000FB537 /* sound_intrusion.mp3 */ = {isa = PBXFileReference; lastKnownFileType = audio.mp3; path = sound_intrusion.mp3; sourceTree = "<group>"; };
		7EE70E201DEAA1B6000FB537 /* sound_near.mp3 */ = {isa = PBXFileReference; lastKnownFileType = audio.mp3; path = sound_near.mp3; sourceTree = "<group>"; };
		AC05B9F91D811FDA0082C52A /* DataManager.swift */ = {isa = PBXFileReference; fileEncoding = 4; lastKnownFileType = sourcecode.swift; path = DataManager.swift; sourceTree = "<group>"; };
		AC2AB8F51DB778A10048931C /* Constant.swift */ = {isa = PBXFileReference; fileEncoding = 4; lastKnownFileType = sourcecode.swift; path = Constant.swift; sourceTree = "<group>"; };
		AC2C03D31D9D1CB9009926E3 /* SwiftyJSON.swift */ = {isa = PBXFileReference; fileEncoding = 4; lastKnownFileType = sourcecode.swift; path = SwiftyJSON.swift; sourceTree = "<group>"; };
		AC2C52C21D5805F70032B689 /* CerdAR.app */ = {isa = PBXFileReference; explicitFileType = wrapper.application; includeInIndex = 0; path = CerdAR.app; sourceTree = BUILT_PRODUCTS_DIR; };
		AC2C52C51D5805F70032B689 /* AppDelegate.swift */ = {isa = PBXFileReference; lastKnownFileType = sourcecode.swift; path = AppDelegate.swift; sourceTree = "<group>"; };
		AC2C52CA1D5805F70032B689 /* Base */ = {isa = PBXFileReference; lastKnownFileType = file.storyboard; name = Base; path = Base.lproj/Main.storyboard; sourceTree = "<group>"; };
		AC2C52CF1D5805F70032B689 /* Assets.xcassets */ = {isa = PBXFileReference; lastKnownFileType = folder.assetcatalog; path = Assets.xcassets; sourceTree = "<group>"; };
		AC2C52D21D5805F70032B689 /* Base */ = {isa = PBXFileReference; lastKnownFileType = file.storyboard; name = Base; path = Base.lproj/LaunchScreen.storyboard; sourceTree = "<group>"; };
		AC2C52D41D5805F70032B689 /* Info.plist */ = {isa = PBXFileReference; lastKnownFileType = text.plist.xml; path = Info.plist; sourceTree = "<group>"; };
		AC2C52D91D5805F80032B689 /* CerdARTests.xctest */ = {isa = PBXFileReference; explicitFileType = wrapper.cfbundle; includeInIndex = 0; path = CerdARTests.xctest; sourceTree = BUILT_PRODUCTS_DIR; };
		AC2C52DD1D5805F80032B689 /* CerdARTests.swift */ = {isa = PBXFileReference; lastKnownFileType = sourcecode.swift; path = CerdARTests.swift; sourceTree = "<group>"; };
		AC2C52DF1D5805F80032B689 /* Info.plist */ = {isa = PBXFileReference; lastKnownFileType = text.plist.xml; path = Info.plist; sourceTree = "<group>"; };
		AC2C52E41D5805F80032B689 /* CerdARUITests.xctest */ = {isa = PBXFileReference; explicitFileType = wrapper.cfbundle; includeInIndex = 0; path = CerdARUITests.xctest; sourceTree = BUILT_PRODUCTS_DIR; };
		AC2C52E81D5805F80032B689 /* CerdARUITests.swift */ = {isa = PBXFileReference; lastKnownFileType = sourcecode.swift; path = CerdARUITests.swift; sourceTree = "<group>"; };
		AC2C52EA1D5805F80032B689 /* Info.plist */ = {isa = PBXFileReference; lastKnownFileType = text.plist.xml; path = Info.plist; sourceTree = "<group>"; };
		AC2C52FA1D5807D00032B689 /* ConfigView.swift */ = {isa = PBXFileReference; fileEncoding = 4; lastKnownFileType = sourcecode.swift; path = ConfigView.swift; sourceTree = "<group>"; };
		ACEE245B1D8235FE00102E10 /* MakeTagImage.swift */ = {isa = PBXFileReference; fileEncoding = 4; lastKnownFileType = sourcecode.swift; path = MakeTagImage.swift; sourceTree = "<group>"; };
		ACF399B61D98C25100B0EC47 /* osmViewController.swift */ = {isa = PBXFileReference; fileEncoding = 4; lastKnownFileType = sourcecode.swift; path = osmViewController.swift; sourceTree = "<group>"; };
		ACFD6E0B1DB474680006A765 /* loadViewController.swift */ = {isa = PBXFileReference; fileEncoding = 4; lastKnownFileType = sourcecode.swift; path = loadViewController.swift; sourceTree = "<group>"; };
		BF01B83D1F6FEECE001AC15E /* GISImageView.swift */ = {isa = PBXFileReference; fileEncoding = 4; lastKnownFileType = sourcecode.swift; path = GISImageView.swift; sourceTree = "<group>"; };
		D37E86951E780A6A0030B01A /* Vibration.swift */ = {isa = PBXFileReference; fileEncoding = 4; lastKnownFileType = sourcecode.swift; path = Vibration.swift; sourceTree = "<group>"; };
		D3CF68DB1D91187D008B588E /* detailView.swift */ = {isa = PBXFileReference; fileEncoding = 4; lastKnownFileType = sourcecode.swift; path = detailView.swift; sourceTree = "<group>"; };
		D3CF68DC1D91187D008B588E /* termsView.swift */ = {isa = PBXFileReference; fileEncoding = 4; lastKnownFileType = sourcecode.swift; path = termsView.swift; sourceTree = "<group>"; };
		F033F9F4219171DD008A3A2E /* ARViewController.swift */ = {isa = PBXFileReference; fileEncoding = 4; lastKnownFileType = sourcecode.swift; path = ARViewController.swift; sourceTree = "<group>"; };
		F033F9F7219172E7008A3A2E /* MapboxARAnnotationManager.swift */ = {isa = PBXFileReference; fileEncoding = 4; lastKnownFileType = sourcecode.swift; path = MapboxARAnnotationManager.swift; sourceTree = "<group>"; };
		F033F9F9219172EC008A3A2E /* MapboxARAnchor.swift */ = {isa = PBXFileReference; fileEncoding = 4; lastKnownFileType = sourcecode.swift; path = MapboxARAnchor.swift; sourceTree = "<group>"; };
		F054082921CB56E4009D8558 /* MapboxMobileEvents.framework */ = {isa = PBXFileReference; lastKnownFileType = wrapper.framework; name = MapboxMobileEvents.framework; path = ../Carthage/Build/iOS/MapboxMobileEvents.framework; sourceTree = "<group>"; };
		F054082B21CB56E9009D8558 /* MapboxSceneKit.framework */ = {isa = PBXFileReference; lastKnownFileType = wrapper.framework; name = MapboxSceneKit.framework; path = ../Carthage/Build/iOS/MapboxSceneKit.framework; sourceTree = "<group>"; };
		F06A927121CB5B9C0075391E /* Mapbox.framework */ = {isa = PBXFileReference; lastKnownFileType = wrapper.framework; name = Mapbox.framework; path = Carthage/Build/iOS/Mapbox.framework; sourceTree = "<group>"; };
		F06A927321CB5BA20075391E /* MapboxMobileEvents.framework */ = {isa = PBXFileReference; lastKnownFileType = wrapper.framework; name = MapboxMobileEvents.framework; path = Carthage/Build/iOS/MapboxMobileEvents.framework; sourceTree = "<group>"; };
		F06A927521CB5BA70075391E /* MapboxSceneKit.framework */ = {isa = PBXFileReference; lastKnownFileType = wrapper.framework; name = MapboxSceneKit.framework; path = Carthage/Build/iOS/MapboxSceneKit.framework; sourceTree = "<group>"; };
		F06D0D4B219C12CB0046747B /* SceneKit.scnassets */ = {isa = PBXFileReference; lastKnownFileType = wrapper.scnassets; path = SceneKit.scnassets; sourceTree = "<group>"; };
		F06E168121D31629004E0BB6 /* spark.png */ = {isa = PBXFileReference; lastKnownFileType = image.png; path = spark.png; sourceTree = "<group>"; };
		F06E168521D316D1004E0BB6 /* confetti.png */ = {isa = PBXFileReference; lastKnownFileType = image.png; path = confetti.png; sourceTree = "<group>"; };
		F06E168721D31709004E0BB6 /* rock.png */ = {isa = PBXFileReference; lastKnownFileType = image.png; path = rock.png; sourceTree = "<group>"; };
		F07C561621B4D12F004F760C /* rock.scnp */ = {isa = PBXFileReference; lastKnownFileType = file.scp; name = rock.scnp; path = CerdAR/SceneKit.scnassets/rock.scnp; sourceTree = "<group>"; };
		F08A2D3821CCE95500777CAC /* rain.scnp */ = {isa = PBXFileReference; lastKnownFileType = file.scp; path = rain.scnp; sourceTree = "<group>"; };
		F0A3E61D21B78A7C0099812E /* smoke.png */ = {isa = PBXFileReference; lastKnownFileType = image.png; name = smoke.png; path = CerdAR/SceneKit.scnassets/smoke.png; sourceTree = "<group>"; };
		F0A3E61E21B78A7C0099812E /* smoke.scnp */ = {isa = PBXFileReference; lastKnownFileType = file.scp; name = smoke.scnp; path = CerdAR/SceneKit.scnassets/smoke.scnp; sourceTree = "<group>"; };
		F0C5DB8B21B4CFF90067EF8F /* fire.scnp */ = {isa = PBXFileReference; lastKnownFileType = file.scp; name = fire.scnp; path = CerdAR/SceneKit.scnassets/fire.scnp; sourceTree = "<group>"; };
/* End PBXFileReference section */

/* Begin PBXFrameworksBuildPhase section */
		AC2C52BF1D5805F70032B689 /* Frameworks */ = {
			isa = PBXFrameworksBuildPhase;
			buildActionMask = 2147483647;
			files = (
				F06A927221CB5B9C0075391E /* Mapbox.framework in Frameworks */,
				F06A927421CB5BA20075391E /* MapboxMobileEvents.framework in Frameworks */,
				F06A927621CB5BA70075391E /* MapboxSceneKit.framework in Frameworks */,
			);
			runOnlyForDeploymentPostprocessing = 0;
		};
		AC2C52D61D5805F80032B689 /* Frameworks */ = {
			isa = PBXFrameworksBuildPhase;
			buildActionMask = 2147483647;
			files = (
			);
			runOnlyForDeploymentPostprocessing = 0;
		};
		AC2C52E11D5805F80032B689 /* Frameworks */ = {
			isa = PBXFrameworksBuildPhase;
			buildActionMask = 2147483647;
			files = (
			);
			runOnlyForDeploymentPostprocessing = 0;
		};
/* End PBXFrameworksBuildPhase section */

/* Begin PBXGroup section */
		AC2AB8F41DB778420048931C /* sound */ = {
			isa = PBXGroup;
			children = (
				7EE70E1E1DEAA16A000FB537 /* sound_intrusion.mp3 */,
				7EE70E201DEAA1B6000FB537 /* sound_near.mp3 */,
			);
			name = sound;
			sourceTree = "<group>";
		};
		AC2C52B91D5805F70032B689 = {
			isa = PBXGroup;
			children = (
				F0A3E61D21B78A7C0099812E /* smoke.png */,
				F0A3E61E21B78A7C0099812E /* smoke.scnp */,
				F06E168521D316D1004E0BB6 /* confetti.png */,
				F06E168721D31709004E0BB6 /* rock.png */,
				F08A2D3821CCE95500777CAC /* rain.scnp */,
				F07C561621B4D12F004F760C /* rock.scnp */,
				F0C5DB8B21B4CFF90067EF8F /* fire.scnp */,
				F06E168121D31629004E0BB6 /* spark.png */,
				AC2AB8F41DB778420048931C /* sound */,
				AC2C53021D5809610032B689 /* Image */,
				AC2C52C41D5805F70032B689 /* CerdAR */,
				AC2C52DC1D5805F80032B689 /* CerdARTests */,
				AC2C52E71D5805F80032B689 /* CerdARUITests */,
				AC2C52C31D5805F70032B689 /* Products */,
				F033F9FF2191768C008A3A2E /* Frameworks */,
			);
			sourceTree = "<group>";
		};
		AC2C52C31D5805F70032B689 /* Products */ = {
			isa = PBXGroup;
			children = (
				AC2C52C21D5805F70032B689 /* CerdAR.app */,
				AC2C52D91D5805F80032B689 /* CerdARTests.xctest */,
				AC2C52E41D5805F80032B689 /* CerdARUITests.xctest */,
			);
			name = Products;
			sourceTree = "<group>";
		};
		AC2C52C41D5805F70032B689 /* CerdAR */ = {
			isa = PBXGroup;
			children = (
				F033F9F6219172B8008A3A2E /* ARKitGeo */,
				AC2C03D31D9D1CB9009926E3 /* SwiftyJSON.swift */,
				AC2C52C51D5805F70032B689 /* AppDelegate.swift */,
				D360EF551D912DA900A3AFE8 /* ViewController */,
				D360EF561D912DB200A3AFE8 /* View */,
				AC05B9F91D811FDA0082C52A /* DataManager.swift */,
				ACEE245B1D8235FE00102E10 /* MakeTagImage.swift */,
				D37E86951E780A6A0030B01A /* Vibration.swift */,
				AC2C52CF1D5805F70032B689 /* Assets.xcassets */,
				AC2C52C91D5805F70032B689 /* Main.storyboard */,
				AC2C52D11D5805F70032B689 /* LaunchScreen.storyboard */,
				AC2C52D41D5805F70032B689 /* Info.plist */,
				AC2AB8F51DB778A10048931C /* Constant.swift */,
				F06D0D4B219C12CB0046747B /* SceneKit.scnassets */,
			);
			path = CerdAR;
			sourceTree = "<group>";
		};
		AC2C52DC1D5805F80032B689 /* CerdARTests */ = {
			isa = PBXGroup;
			children = (
				AC2C52DD1D5805F80032B689 /* CerdARTests.swift */,
				AC2C52DF1D5805F80032B689 /* Info.plist */,
			);
			path = CerdARTests;
			sourceTree = "<group>";
		};
		AC2C52E71D5805F80032B689 /* CerdARUITests */ = {
			isa = PBXGroup;
			children = (
				AC2C52E81D5805F80032B689 /* CerdARUITests.swift */,
				AC2C52EA1D5805F80032B689 /* Info.plist */,
			);
			path = CerdARUITests;
			sourceTree = "<group>";
		};
		AC2C53021D5809610032B689 /* Image */ = {
			isa = PBXGroup;
			children = (
			);
			name = Image;
			sourceTree = "<group>";
		};
		D360EF551D912DA900A3AFE8 /* ViewController */ = {
			isa = PBXGroup;
			children = (
				F033F9F4219171DD008A3A2E /* ARViewController.swift */,
				ACF399B61D98C25100B0EC47 /* osmViewController.swift */,
				ACFD6E0B1DB474680006A765 /* loadViewController.swift */,
			);
			name = ViewController;
			sourceTree = "<group>";
		};
		D360EF561D912DB200A3AFE8 /* View */ = {
			isa = PBXGroup;
			children = (
				BF01B83D1F6FEECE001AC15E /* GISImageView.swift */,
				AC2C52FA1D5807D00032B689 /* ConfigView.swift */,
				D3CF68DB1D91187D008B588E /* detailView.swift */,
				D3CF68DC1D91187D008B588E /* termsView.swift */,
			);
			name = View;
			sourceTree = "<group>";
		};
		F033F9F6219172B8008A3A2E /* ARKitGeo */ = {
			isa = PBXGroup;
			children = (
				F033F9F9219172EC008A3A2E /* MapboxARAnchor.swift */,
				F033F9F7219172E7008A3A2E /* MapboxARAnnotationManager.swift */,
			);
			path = ARKitGeo;
			sourceTree = "<group>";
		};
		F033F9FF2191768C008A3A2E /* Frameworks */ = {
			isa = PBXGroup;
			children = (
				F06A927521CB5BA70075391E /* MapboxSceneKit.framework */,
				F06A927321CB5BA20075391E /* MapboxMobileEvents.framework */,
				F06A927121CB5B9C0075391E /* Mapbox.framework */,
				F054082B21CB56E9009D8558 /* MapboxSceneKit.framework */,
				F054082921CB56E4009D8558 /* MapboxMobileEvents.framework */,
			);
			name = Frameworks;
			sourceTree = "<group>";
		};
/* End PBXGroup section */

/* Begin PBXNativeTarget section */
		AC2C52C11D5805F70032B689 /* CerdAR */ = {
			isa = PBXNativeTarget;
			buildConfigurationList = AC2C52ED1D5805F80032B689 /* Build configuration list for PBXNativeTarget "CerdAR" */;
			buildPhases = (
				AC2C52BE1D5805F70032B689 /* Sources */,
				AC2C52BF1D5805F70032B689 /* Frameworks */,
				AC2C52C01D5805F70032B689 /* Resources */,
				F033F9FE2191761D008A3A2E /* Embed Frameworks */,
				F054082D21CB5719009D8558 /* ShellScript */,
			);
			buildRules = (
			);
			dependencies = (
			);
			name = CerdAR;
			productName = CerdAR;
			productReference = AC2C52C21D5805F70032B689 /* CerdAR.app */;
			productType = "com.apple.product-type.application";
		};
		AC2C52D81D5805F80032B689 /* CerdARTests */ = {
			isa = PBXNativeTarget;
			buildConfigurationList = AC2C52F01D5805F80032B689 /* Build configuration list for PBXNativeTarget "CerdARTests" */;
			buildPhases = (
				AC2C52D51D5805F80032B689 /* Sources */,
				AC2C52D61D5805F80032B689 /* Frameworks */,
				AC2C52D71D5805F80032B689 /* Resources */,
			);
			buildRules = (
			);
			dependencies = (
				AC2C52DB1D5805F80032B689 /* PBXTargetDependency */,
			);
			name = CerdARTests;
			productName = CerdARTests;
			productReference = AC2C52D91D5805F80032B689 /* CerdARTests.xctest */;
			productType = "com.apple.product-type.bundle.unit-test";
		};
		AC2C52E31D5805F80032B689 /* CerdARUITests */ = {
			isa = PBXNativeTarget;
			buildConfigurationList = AC2C52F31D5805F80032B689 /* Build configuration list for PBXNativeTarget "CerdARUITests" */;
			buildPhases = (
				AC2C52E01D5805F80032B689 /* Sources */,
				AC2C52E11D5805F80032B689 /* Frameworks */,
				AC2C52E21D5805F80032B689 /* Resources */,
			);
			buildRules = (
			);
			dependencies = (
				AC2C52E61D5805F80032B689 /* PBXTargetDependency */,
			);
			name = CerdARUITests;
			productName = CerdARUITests;
			productReference = AC2C52E41D5805F80032B689 /* CerdARUITests.xctest */;
			productType = "com.apple.product-type.bundle.ui-testing";
		};
/* End PBXNativeTarget section */

/* Begin PBXProject section */
		AC2C52BA1D5805F70032B689 /* Project object */ = {
			isa = PBXProject;
			attributes = {
				LastSwiftUpdateCheck = 0730;
				LastUpgradeCheck = 1010;
				ORGANIZATIONNAME = "CERD (Osaka City University),  APPLIED TECHNOLOGY CO.,LTD., BRILLIANTSERVICE CO.,LTD.,";
				TargetAttributes = {
					AC2C52C11D5805F70032B689 = {
						CreatedOnToolsVersion = 7.3.1;
						LastSwiftMigration = 0900;
					};
					AC2C52D81D5805F80032B689 = {
						CreatedOnToolsVersion = 7.3.1;
						DevelopmentTeam = 57NUJ8NN7U;
						LastSwiftMigration = 0900;
						TestTargetID = AC2C52C11D5805F70032B689;
					};
					AC2C52E31D5805F80032B689 = {
						CreatedOnToolsVersion = 7.3.1;
						DevelopmentTeam = 57NUJ8NN7U;
						LastSwiftMigration = 0900;
						TestTargetID = AC2C52C11D5805F70032B689;
					};
				};
			};
			buildConfigurationList = AC2C52BD1D5805F70032B689 /* Build configuration list for PBXProject "CerdAR" */;
			compatibilityVersion = "Xcode 10.0";
			developmentRegion = English;
			hasScannedForEncodings = 0;
			knownRegions = (
				en,
				Base,
			);
			mainGroup = AC2C52B91D5805F70032B689;
			productRefGroup = AC2C52C31D5805F70032B689 /* Products */;
			projectDirPath = "";
			projectRoot = "";
			targets = (
				AC2C52C11D5805F70032B689 /* CerdAR */,
				AC2C52D81D5805F80032B689 /* CerdARTests */,
				AC2C52E31D5805F80032B689 /* CerdARUITests */,
			);
		};
/* End PBXProject section */

/* Begin PBXResourcesBuildPhase section */
		AC2C52C01D5805F70032B689 /* Resources */ = {
			isa = PBXResourcesBuildPhase;
			buildActionMask = 2147483647;
			files = (
				7EE70E211DEAA1B6000FB537 /* sound_near.mp3 in Resources */,
				AC2C52D31D5805F70032B689 /* LaunchScreen.storyboard in Resources */,
				7EE70E1F1DEAA16A000FB537 /* sound_intrusion.mp3 in Resources */,
				AC2C52D01D5805F70032B689 /* Assets.xcassets in Resources */,
				AC2C52CB1D5805F70032B689 /* Main.storyboard in Resources */,
				F07C561721B4D12F004F760C /* rock.scnp in Resources */,
				F0A3E62021B78A7C0099812E /* smoke.scnp in Resources */,
				F06E168621D316D1004E0BB6 /* confetti.png in Resources */,
				F06D0D4C219C12CB0046747B /* SceneKit.scnassets in Resources */,
				F06E168221D31629004E0BB6 /* spark.png in Resources */,
				F06E168821D31709004E0BB6 /* rock.png in Resources */,
				F08A2D3921CCE95500777CAC /* rain.scnp in Resources */,
				F0A3E61F21B78A7C0099812E /* smoke.png in Resources */,
				F0C5DB8C21B4CFF90067EF8F /* fire.scnp in Resources */,
			);
			runOnlyForDeploymentPostprocessing = 0;
		};
		AC2C52D71D5805F80032B689 /* Resources */ = {
			isa = PBXResourcesBuildPhase;
			buildActionMask = 2147483647;
			files = (
			);
			runOnlyForDeploymentPostprocessing = 0;
		};
		AC2C52E21D5805F80032B689 /* Resources */ = {
			isa = PBXResourcesBuildPhase;
			buildActionMask = 2147483647;
			files = (
			);
			runOnlyForDeploymentPostprocessing = 0;
		};
/* End PBXResourcesBuildPhase section */

/* Begin PBXShellScriptBuildPhase section */
		F054082D21CB5719009D8558 /* ShellScript */ = {
			isa = PBXShellScriptBuildPhase;
			buildActionMask = 2147483647;
			files = (
			);
			inputFileListPaths = (
			);
			inputPaths = (
				"$(SRCROOT)/Carthage/Build/iOS/MapboxSceneKit.framework",
				"$(SRCROOT)/Carthage/Build/iOS/MapboxMobileEvents.framework",
				"$(SRCROOT)/Carthage/Build/iOS/Mapbox.framework",
			);
			outputFileListPaths = (
			);
			outputPaths = (
			);
			runOnlyForDeploymentPostprocessing = 0;
			shellPath = /bin/sh;
			shellScript = "# Type a script or drag a script file from your workspace to insert its path.\n/usr/local/bin/carthage copy-frameworks\n";
		};
/* End PBXShellScriptBuildPhase section */

/* Begin PBXSourcesBuildPhase section */
		AC2C52BE1D5805F70032B689 /* Sources */ = {
			isa = PBXSourcesBuildPhase;
			buildActionMask = 2147483647;
			files = (
				F033F9F5219171DD008A3A2E /* ARViewController.swift in Sources */,
				AC2C52FB1D5807D00032B689 /* ConfigView.swift in Sources */,
				ACF399B71D98C25100B0EC47 /* osmViewController.swift in Sources */,
				AC2C03D41D9D1CB9009926E3 /* SwiftyJSON.swift in Sources */,
				AC05B9FA1D811FDA0082C52A /* DataManager.swift in Sources */,
				D3CF68DE1D91187D008B588E /* termsView.swift in Sources */,
				ACEE245C1D8235FE00102E10 /* MakeTagImage.swift in Sources */,
				F033F9FA219172EC008A3A2E /* MapboxARAnchor.swift in Sources */,
				ACFD6E0C1DB474680006A765 /* loadViewController.swift in Sources */,
				F033F9F8219172E7008A3A2E /* MapboxARAnnotationManager.swift in Sources */,
				AC2C52C61D5805F70032B689 /* AppDelegate.swift in Sources */,
				D3CF68DD1D91187D008B588E /* detailView.swift in Sources */,
				D37E86961E780A6A0030B01A /* Vibration.swift in Sources */,
				BF01B83E1F6FEECE001AC15E /* GISImageView.swift in Sources */,
				AC2AB8F61DB778A10048931C /* Constant.swift in Sources */,
			);
			runOnlyForDeploymentPostprocessing = 0;
		};
		AC2C52D51D5805F80032B689 /* Sources */ = {
			isa = PBXSourcesBuildPhase;
			buildActionMask = 2147483647;
			files = (
				AC2C52DE1D5805F80032B689 /* CerdARTests.swift in Sources */,
			);
			runOnlyForDeploymentPostprocessing = 0;
		};
		AC2C52E01D5805F80032B689 /* Sources */ = {
			isa = PBXSourcesBuildPhase;
			buildActionMask = 2147483647;
			files = (
				AC2C52E91D5805F80032B689 /* CerdARUITests.swift in Sources */,
			);
			runOnlyForDeploymentPostprocessing = 0;
		};
/* End PBXSourcesBuildPhase section */

/* Begin PBXTargetDependency section */
		AC2C52DB1D5805F80032B689 /* PBXTargetDependency */ = {
			isa = PBXTargetDependency;
			target = AC2C52C11D5805F70032B689 /* CerdAR */;
			targetProxy = AC2C52DA1D5805F80032B689 /* PBXContainerItemProxy */;
		};
		AC2C52E61D5805F80032B689 /* PBXTargetDependency */ = {
			isa = PBXTargetDependency;
			target = AC2C52C11D5805F70032B689 /* CerdAR */;
			targetProxy = AC2C52E51D5805F80032B689 /* PBXContainerItemProxy */;
		};
/* End PBXTargetDependency section */

/* Begin PBXVariantGroup section */
		AC2C52C91D5805F70032B689 /* Main.storyboard */ = {
			isa = PBXVariantGroup;
			children = (
				AC2C52CA1D5805F70032B689 /* Base */,
			);
			name = Main.storyboard;
			sourceTree = "<group>";
		};
		AC2C52D11D5805F70032B689 /* LaunchScreen.storyboard */ = {
			isa = PBXVariantGroup;
			children = (
				AC2C52D21D5805F70032B689 /* Base */,
			);
			name = LaunchScreen.storyboard;
			sourceTree = "<group>";
		};
/* End PBXVariantGroup section */

/* Begin XCBuildConfiguration section */
		AC2C52EB1D5805F80032B689 /* Debug */ = {
			isa = XCBuildConfiguration;
			buildSettings = {
				ALWAYS_EMBED_SWIFT_STANDARD_LIBRARIES = YES;
				ALWAYS_SEARCH_USER_PATHS = NO;
				CLANG_ANALYZER_NONNULL = YES;
				CLANG_CXX_LANGUAGE_STANDARD = "gnu++0x";
				CLANG_CXX_LIBRARY = "libc++";
				CLANG_ENABLE_MODULES = YES;
				CLANG_ENABLE_OBJC_ARC = YES;
				CLANG_WARN_BLOCK_CAPTURE_AUTORELEASING = YES;
				CLANG_WARN_BOOL_CONVERSION = YES;
				CLANG_WARN_COMMA = YES;
				CLANG_WARN_CONSTANT_CONVERSION = YES;
				CLANG_WARN_DEPRECATED_OBJC_IMPLEMENTATIONS = YES;
				CLANG_WARN_DIRECT_OBJC_ISA_USAGE = YES_ERROR;
				CLANG_WARN_EMPTY_BODY = YES;
				CLANG_WARN_ENUM_CONVERSION = YES;
				CLANG_WARN_INFINITE_RECURSION = YES;
				CLANG_WARN_INT_CONVERSION = YES;
				CLANG_WARN_NON_LITERAL_NULL_CONVERSION = YES;
				CLANG_WARN_OBJC_IMPLICIT_RETAIN_SELF = YES;
				CLANG_WARN_OBJC_LITERAL_CONVERSION = YES;
				CLANG_WARN_OBJC_ROOT_CLASS = YES_ERROR;
				CLANG_WARN_RANGE_LOOP_ANALYSIS = YES;
				CLANG_WARN_STRICT_PROTOTYPES = YES;
				CLANG_WARN_SUSPICIOUS_MOVE = YES;
				CLANG_WARN_UNREACHABLE_CODE = YES;
				CLANG_WARN__DUPLICATE_METHOD_MATCH = YES;
				"CODE_SIGN_IDENTITY[sdk=iphoneos*]" = "iPhone Developer";
				COPY_PHASE_STRIP = NO;
				DEBUG_INFORMATION_FORMAT = dwarf;
				ENABLE_BITCODE = NO;
				ENABLE_STRICT_OBJC_MSGSEND = YES;
				ENABLE_TESTABILITY = YES;
				GCC_C_LANGUAGE_STANDARD = gnu99;
				GCC_DYNAMIC_NO_PIC = NO;
				GCC_NO_COMMON_BLOCKS = YES;
				GCC_OPTIMIZATION_LEVEL = 0;
				GCC_PREPROCESSOR_DEFINITIONS = (
					"DEBUG=1",
					"$(inherited)",
				);
				GCC_WARN_64_TO_32_BIT_CONVERSION = YES;
				GCC_WARN_ABOUT_RETURN_TYPE = YES_ERROR;
				GCC_WARN_UNDECLARED_SELECTOR = YES;
				GCC_WARN_UNINITIALIZED_AUTOS = YES_AGGRESSIVE;
				GCC_WARN_UNUSED_FUNCTION = YES;
				GCC_WARN_UNUSED_VARIABLE = YES;
				IPHONEOS_DEPLOYMENT_TARGET = 12.0;
				MTL_ENABLE_DEBUG_INFO = YES;
				ONLY_ACTIVE_ARCH = YES;
				SDKROOT = iphoneos;
				SWIFT_OPTIMIZATION_LEVEL = "-Onone";
			};
			name = Debug;
		};
		AC2C52EC1D5805F80032B689 /* Release */ = {
			isa = XCBuildConfiguration;
			buildSettings = {
				ALWAYS_EMBED_SWIFT_STANDARD_LIBRARIES = YES;
				ALWAYS_SEARCH_USER_PATHS = NO;
				CLANG_ANALYZER_NONNULL = YES;
				CLANG_CXX_LANGUAGE_STANDARD = "gnu++0x";
				CLANG_CXX_LIBRARY = "libc++";
				CLANG_ENABLE_MODULES = YES;
				CLANG_ENABLE_OBJC_ARC = YES;
				CLANG_WARN_BLOCK_CAPTURE_AUTORELEASING = YES;
				CLANG_WARN_BOOL_CONVERSION = YES;
				CLANG_WARN_COMMA = YES;
				CLANG_WARN_CONSTANT_CONVERSION = YES;
				CLANG_WARN_DEPRECATED_OBJC_IMPLEMENTATIONS = YES;
				CLANG_WARN_DIRECT_OBJC_ISA_USAGE = YES_ERROR;
				CLANG_WARN_EMPTY_BODY = YES;
				CLANG_WARN_ENUM_CONVERSION = YES;
				CLANG_WARN_INFINITE_RECURSION = YES;
				CLANG_WARN_INT_CONVERSION = YES;
				CLANG_WARN_NON_LITERAL_NULL_CONVERSION = YES;
				CLANG_WARN_OBJC_IMPLICIT_RETAIN_SELF = YES;
				CLANG_WARN_OBJC_LITERAL_CONVERSION = YES;
				CLANG_WARN_OBJC_ROOT_CLASS = YES_ERROR;
				CLANG_WARN_RANGE_LOOP_ANALYSIS = YES;
				CLANG_WARN_STRICT_PROTOTYPES = YES;
				CLANG_WARN_SUSPICIOUS_MOVE = YES;
				CLANG_WARN_UNREACHABLE_CODE = YES;
				CLANG_WARN__DUPLICATE_METHOD_MATCH = YES;
				"CODE_SIGN_IDENTITY[sdk=iphoneos*]" = "iPhone Developer";
				COPY_PHASE_STRIP = NO;
				DEBUG_INFORMATION_FORMAT = "dwarf-with-dsym";
				ENABLE_BITCODE = NO;
				ENABLE_NS_ASSERTIONS = NO;
				ENABLE_STRICT_OBJC_MSGSEND = YES;
				GCC_C_LANGUAGE_STANDARD = gnu99;
				GCC_NO_COMMON_BLOCKS = YES;
				GCC_WARN_64_TO_32_BIT_CONVERSION = YES;
				GCC_WARN_ABOUT_RETURN_TYPE = YES_ERROR;
				GCC_WARN_UNDECLARED_SELECTOR = YES;
				GCC_WARN_UNINITIALIZED_AUTOS = YES_AGGRESSIVE;
				GCC_WARN_UNUSED_FUNCTION = YES;
				GCC_WARN_UNUSED_VARIABLE = YES;
				IPHONEOS_DEPLOYMENT_TARGET = 12.0;
				MTL_ENABLE_DEBUG_INFO = NO;
				SDKROOT = iphoneos;
				SWIFT_COMPILATION_MODE = wholemodule;
				SWIFT_OPTIMIZATION_LEVEL = "-O";
				VALIDATE_PRODUCT = YES;
			};
			name = Release;
		};
		AC2C52EE1D5805F80032B689 /* Debug */ = {
			isa = XCBuildConfiguration;
			buildSettings = {
				ASSETCATALOG_COMPILER_APPICON_NAME = AppIcon;
				CODE_SIGN_IDENTITY = "iPhone Developer";
				"CODE_SIGN_IDENTITY[sdk=iphoneos*]" = "iPhone Developer";
				CODE_SIGN_STYLE = Manual;
				DEVELOPMENT_TEAM = "";
				ENABLE_BITCODE = NO;
				FRAMEWORK_SEARCH_PATHS = (
					"$(inherited)",
					"$(PROJECT_DIR)/",
					"$(PROJECT_DIR)",
					"$(PROJECT_DIR)/Carthage/Build/iOS",
				);
				INFOPLIST_FILE = CerdAR/Info.plist;
				IPHONEOS_DEPLOYMENT_TARGET = 12.0;
				LD_RUNPATH_SEARCH_PATHS = (
					"$(inherited)",
					"@executable_path/Frameworks",
				);
				PRODUCT_BUNDLE_IDENTIFIER = "ocu.cerd-ar";
				PRODUCT_NAME = "$(TARGET_NAME)";
				PROVISIONING_PROFILE = "";
				PROVISIONING_PROFILE_SPECIFIER = "";
				SWIFT_SWIFT3_OBJC_INFERENCE = Default;
				SWIFT_VERSION = 4.0;
				TARGETED_DEVICE_FAMILY = "1,2";
			};
			name = Debug;
		};
		AC2C52EF1D5805F80032B689 /* Release */ = {
			isa = XCBuildConfiguration;
			buildSettings = {
				ASSETCATALOG_COMPILER_APPICON_NAME = AppIcon;
				CODE_SIGN_IDENTITY = "iPhone Developer";
				"CODE_SIGN_IDENTITY[sdk=iphoneos*]" = "iPhone Developer";
				CODE_SIGN_STYLE = Manual;
				DEVELOPMENT_TEAM = "";
				ENABLE_BITCODE = NO;
				FRAMEWORK_SEARCH_PATHS = (
					"$(inherited)",
					"$(PROJECT_DIR)/",
					"$(PROJECT_DIR)",
					"$(PROJECT_DIR)/Carthage/Build/iOS",
				);
				INFOPLIST_FILE = CerdAR/Info.plist;
				IPHONEOS_DEPLOYMENT_TARGET = 12.0;
				LD_RUNPATH_SEARCH_PATHS = (
					"$(inherited)",
					"@executable_path/Frameworks",
				);
				PRODUCT_BUNDLE_IDENTIFIER = "ocu.cerd-ar";
				PRODUCT_NAME = "$(TARGET_NAME)";
				PROVISIONING_PROFILE = "";
				PROVISIONING_PROFILE_SPECIFIER = "";
				SWIFT_SWIFT3_OBJC_INFERENCE = Default;
				SWIFT_VERSION = 4.0;
				TARGETED_DEVICE_FAMILY = "1,2";
			};
			name = Release;
		};
		AC2C52F11D5805F80032B689 /* Debug */ = {
			isa = XCBuildConfiguration;
			buildSettings = {
				BUNDLE_LOADER = "$(TEST_HOST)";
				DEVELOPMENT_TEAM = 57NUJ8NN7U;
				INFOPLIST_FILE = CerdARTests/Info.plist;
				LD_RUNPATH_SEARCH_PATHS = (
					"$(inherited)",
					"@executable_path/Frameworks",
					"@loader_path/Frameworks",
				);
				PRODUCT_BUNDLE_IDENTIFIER = ymn.CerdARTests;
				PRODUCT_NAME = "$(TARGET_NAME)";
				SWIFT_SWIFT3_OBJC_INFERENCE = On;
				SWIFT_VERSION = 4.0;
				TEST_HOST = "$(BUILT_PRODUCTS_DIR)/CerdAR.app/CerdAR";
			};
			name = Debug;
		};
		AC2C52F21D5805F80032B689 /* Release */ = {
			isa = XCBuildConfiguration;
			buildSettings = {
				BUNDLE_LOADER = "$(TEST_HOST)";
				DEVELOPMENT_TEAM = 57NUJ8NN7U;
				INFOPLIST_FILE = CerdARTests/Info.plist;
				LD_RUNPATH_SEARCH_PATHS = (
					"$(inherited)",
					"@executable_path/Frameworks",
					"@loader_path/Frameworks",
				);
				PRODUCT_BUNDLE_IDENTIFIER = ymn.CerdARTests;
				PRODUCT_NAME = "$(TARGET_NAME)";
				SWIFT_SWIFT3_OBJC_INFERENCE = On;
				SWIFT_VERSION = 4.0;
				TEST_HOST = "$(BUILT_PRODUCTS_DIR)/CerdAR.app/CerdAR";
			};
			name = Release;
		};
		AC2C52F41D5805F80032B689 /* Debug */ = {
			isa = XCBuildConfiguration;
			buildSettings = {
				DEVELOPMENT_TEAM = 57NUJ8NN7U;
				INFOPLIST_FILE = CerdARUITests/Info.plist;
				LD_RUNPATH_SEARCH_PATHS = (
					"$(inherited)",
					"@executable_path/Frameworks",
					"@loader_path/Frameworks",
				);
				PRODUCT_BUNDLE_IDENTIFIER = ymn.CerdARUITests;
				PRODUCT_NAME = "$(TARGET_NAME)";
				SWIFT_SWIFT3_OBJC_INFERENCE = On;
				SWIFT_VERSION = 4.0;
				TEST_TARGET_NAME = CerdAR;
			};
			name = Debug;
		};
		AC2C52F51D5805F80032B689 /* Release */ = {
			isa = XCBuildConfiguration;
			buildSettings = {
				DEVELOPMENT_TEAM = 57NUJ8NN7U;
				INFOPLIST_FILE = CerdARUITests/Info.plist;
				LD_RUNPATH_SEARCH_PATHS = (
					"$(inherited)",
					"@executable_path/Frameworks",
					"@loader_path/Frameworks",
				);
				PRODUCT_BUNDLE_IDENTIFIER = ymn.CerdARUITests;
				PRODUCT_NAME = "$(TARGET_NAME)";
				SWIFT_SWIFT3_OBJC_INFERENCE = On;
				SWIFT_VERSION = 4.0;
				TEST_TARGET_NAME = CerdAR;
			};
			name = Release;
		};
/* End XCBuildConfiguration section */

/* Begin XCConfigurationList section */
		AC2C52BD1D5805F70032B689 /* Build configuration list for PBXProject "CerdAR" */ = {
			isa = XCConfigurationList;
			buildConfigurations = (
				AC2C52EB1D5805F80032B689 /* Debug */,
				AC2C52EC1D5805F80032B689 /* Release */,
			);
			defaultConfigurationIsVisible = 0;
			defaultConfigurationName = Release;
		};
		AC2C52ED1D5805F80032B689 /* Build configuration list for PBXNativeTarget "CerdAR" */ = {
			isa = XCConfigurationList;
			buildConfigurations = (
				AC2C52EE1D5805F80032B689 /* Debug */,
				AC2C52EF1D5805F80032B689 /* Release */,
			);
			defaultConfigurationIsVisible = 0;
			defaultConfigurationName = Release;
		};
		AC2C52F01D5805F80032B689 /* Build configuration list for PBXNativeTarget "CerdARTests" */ = {
			isa = XCConfigurationList;
			buildConfigurations = (
				AC2C52F11D5805F80032B689 /* Debug */,
				AC2C52F21D5805F80032B689 /* Release */,
			);
			defaultConfigurationIsVisible = 0;
			defaultConfigurationName = Release;
		};
		AC2C52F31D5805F80032B689 /* Build configuration list for PBXNativeTarget "CerdARUITests" */ = {
			isa = XCConfigurationList;
			buildConfigurations = (
				AC2C52F41D5805F80032B689 /* Debug */,
				AC2C52F51D5805F80032B689 /* Release */,
			);
			defaultConfigurationIsVisible = 0;
			defaultConfigurationName = Release;
		};
/* End XCConfigurationList section */
	};
	rootObject = AC2C52BA1D5805F70032B689 /* Project object */;
}
