PODS:
  - Mapbox-iOS-SDK (6.3.0):
    - MapboxMobileEvents (~> 0.10.4)
  - MapboxMobileEvents (0.10.7)
  - MapboxStatic.swift (0.12.0):
    - Polyline (~> 5.0)
  - Polyline (5.0.2)
  - Surge (2.0.0)

DEPENDENCIES:
  - Mapbox-iOS-SDK (~> 6.3.0)
  - MapboxStatic.swift (~> 0.12)
  - Surge (~> 2.0.0)

SPEC REPOS:
  trunk:
    - Mapbox-iOS-SDK
    - MapboxMobileEvents
    - MapboxStatic.swift
    - Polyline
    - Surge

SPEC CHECKSUMS:
  Mapbox-iOS-SDK: 2563ed87ead6ec08f1c2090873977b8a7be335a8
  MapboxMobileEvents: d0a581dedd8f47411cc65ea520b965e83914316e
  MapboxStatic.swift: aa3e4fabb307414bd3a51a2cb83f37a5b07db7f1
  Polyline: fce41d72e1146c41c6d081f7656827226f643dff
  Surge: 1f0286bc5f0fe4283f3455479895bf85c7ef7760

PODFILE CHECKSUM: bf302304a9b5c0a18e7620b384063c3ca26189d0

COCOAPODS: 1.10.0
