PODS:
  - AppAuth (1.5.0):
    - AppAuth/Core (= 1.5.0)
    - AppAuth/ExternalUserAgent (= 1.5.0)
  - AppAuth/Core (1.5.0)
  - AppAuth/ExternalUserAgent (1.5.0):
    - AppAuth/Core
  - GoogleSignIn (6.2.3):
    - AppAuth (~> 1.5)
    - GTMAppAuth (~> 1.3)
    - GTMSessionFetcher/Core (~> 1.1)
  - GTMAppAuth (1.3.0):
    - AppAuth/Core (~> 1.4)
    - GTMSessionFetcher/Core (~> 1.5)
  - GTMSessionFetcher/Core (1.7.2)
  - Mapbox-iOS-SDK (6.3.0):
    - MapboxMobileEvents (~> 0.10.4)
  - MapboxMobileEvents (0.10.13)
  - XMLCoder (0.12.0)

DEPENDENCIES:
  - GoogleSignIn (= 6.2.3)
  - Mapbox-iOS-SDK (~> 6.3.0)
  - XMLCoder (~> 0.12.0)

SPEC REPOS:
  trunk:
    - AppAuth
    - GoogleSignIn
    - GTMAppAuth
    - GTMSessionFetcher
    - Mapbox-iOS-SDK
    - MapboxMobileEvents
    - XMLCoder

SPEC CHECKSUMS:
  AppAuth: 80317d99ac7ff2801a2f18ff86b48cd315ed465d
  GoogleSignIn: f4d3939cc0d9264d7509c4b9a924a6c987e30b54
  GTMAppAuth: 4d8f864896f3646f0c33baf38a28362f4c601e15
  GTMSessionFetcher: 5595ec75acf5be50814f81e9189490412bad82ba
  Mapbox-iOS-SDK: 2563ed87ead6ec08f1c2090873977b8a7be335a8
  MapboxMobileEvents: e78db24b348f48e41e5895be7dc16e5b1bb43562
  XMLCoder: f884dfa894a6f8b7dce465e4f6c02963bf17e028

PODFILE CHECKSUM: 673ab1e3ca7cee8493b47d2cd66a8a679770ca60

COCOAPODS: 1.16.2
