PODS:
  - Mapbox-iOS-SDK (6.3.0):
    - MapboxMobileEvents (~> 0.10.4)
  - MapboxMobileEvents (0.10.7)

DEPENDENCIES:
  - Mapbox-iOS-SDK (~> 6.3.0)

SPEC REPOS:
  trunk:
    - Mapbox-iOS-SDK
    - MapboxMobileEvents

SPEC CHECKSUMS:
  Mapbox-iOS-SDK: 2563ed87ead6ec08f1c2090873977b8a7be335a8
  MapboxMobileEvents: d0a581dedd8f47411cc65ea520b965e83914316e

PODFILE CHECKSUM: f43224e89023b74d8a5de834c46931a9de07f36a

COCOAPODS: 1.10.0
